// !$*UTF8*$!
{
	archiveVersion = 1;
	classes = {
	};
	objectVersion = 46;
	objects = {

/* Begin PBXBuildFile section */
		0A9BDCAB72763491717B9EB0 /* libPods-MerchantCarmgr.a in Frameworks */ = {isa = PBXBuildFile; fileRef = 88F2D261E00FD3FC57637772 /* libPods-MerchantCarmgr.a */; };
		841E60B71D8F97E1001BF053 /* ChooseServiceViewController.m in Sources */ = {isa = PBXBuildFile; fileRef = 841E60B61D8F97E1001BF053 /* ChooseServiceViewController.m */; };
		841E60BB1D8FC997001BF053 /* ChooseServiceModel.m in Sources */ = {isa = PBXBuildFile; fileRef = 841E60BA1D8FC997001BF053 /* ChooseServiceModel.m */; };
		841E60BE1D8FE458001BF053 /* citydata.plist in Resources */ = {isa = PBXBuildFile; fileRef = 841E60BC1D8FE458001BF053 /* citydata.plist */; };
		841E60BF1D8FE458001BF053 /* citydict.plist in Resources */ = {isa = PBXBuildFile; fileRef = 841E60BD1D8FE458001BF053 /* citydict.plist */; };
		841E60C31D8FE948001BF053 /* ChineseToPinyin.m in Sources */ = {isa = PBXBuildFile; fileRef = 841E60C21D8FE948001BF053 /* ChineseToPinyin.m */; };
		841E60C61D90D397001BF053 /* AddressPickerController.m in Sources */ = {isa = PBXBuildFile; fileRef = 841E60C51D90D396001BF053 /* AddressPickerController.m */; };
		841E60C91D90DBC8001BF053 /* SearchResultTableViewController.m in Sources */ = {isa = PBXBuildFile; fileRef = 841E60C81D90DBC8001BF053 /* SearchResultTableViewController.m */; };
		841E60CE1D911DA8001BF053 /* HotCityTableViewCell.m in Sources */ = {isa = PBXBuildFile; fileRef = 841E60CD1D911DA8001BF053 /* HotCityTableViewCell.m */; };
		841E60D11D913027001BF053 /* CurrentCityTableViewCell.m in Sources */ = {isa = PBXBuildFile; fileRef = 841E60D01D913027001BF053 /* CurrentCityTableViewCell.m */; };
		841E60DF1D92193F001BF053 /* LocationManager.m in Sources */ = {isa = PBXBuildFile; fileRef = 841E60DE1D92193F001BF053 /* LocationManager.m */; };
		841E60E21D92716C001BF053 /* SelectAreaTableViewController.m in Sources */ = {isa = PBXBuildFile; fileRef = 841E60E11D92716C001BF053 /* SelectAreaTableViewController.m */; };
		841E60E61D938112001BF053 /* FindPasswordViewController.m in Sources */ = {isa = PBXBuildFile; fileRef = 841E60E51D938112001BF053 /* FindPasswordViewController.m */; };
		8425E34B1DA8A066008F8C3D /* GuidePageViewController.m in Sources */ = {isa = PBXBuildFile; fileRef = 8425E34A1DA8A066008F8C3D /* GuidePageViewController.m */; };
		8435BE3A1DB460E40000F630 /* BasicViewController.m in Sources */ = {isa = PBXBuildFile; fileRef = 8435BE391DB460E40000F630 /* BasicViewController.m */; };
		8435BE3E1DB464B00000F630 /* GeneralView.m in Sources */ = {isa = PBXBuildFile; fileRef = 8435BE3D1DB464B00000F630 /* GeneralView.m */; };
		8435BE431DB4687C0000F630 /* GeneralControl.m in Sources */ = {isa = PBXBuildFile; fileRef = 8435BE421DB4687C0000F630 /* GeneralControl.m */; };
		8435BE461DB470430000F630 /* BasicNavigationController.m in Sources */ = {isa = PBXBuildFile; fileRef = 8435BE451DB470430000F630 /* BasicNavigationController.m */; };
		8435BE511DB4787A0000F630 /* WorkSpaceViewController.m in Sources */ = {isa = PBXBuildFile; fileRef = 8435BE501DB4787A0000F630 /* WorkSpaceViewController.m */; };
		8435BE5D1DB4798E0000F630 /* IssueViewController.m in Sources */ = {isa = PBXBuildFile; fileRef = 8435BE5C1DB4798E0000F630 /* IssueViewController.m */; };
		8435BE601DB479A40000F630 /* AppointmentViewController.m in Sources */ = {isa = PBXBuildFile; fileRef = 8435BE5F1DB479A40000F630 /* AppointmentViewController.m */; };
		8435BE631DB479B00000F630 /* MineViewController.m in Sources */ = {isa = PBXBuildFile; fileRef = 8435BE621DB479B00000F630 /* MineViewController.m */; };
		8435BE661DB47D0B0000F630 /* BasicTabBarController.m in Sources */ = {isa = PBXBuildFile; fileRef = 8435BE651DB47D0B0000F630 /* BasicTabBarController.m */; };
		8435BEBD1DB4B1AB0000F630 /* ADScrollView.m in Sources */ = {isa = PBXBuildFile; fileRef = 8435BEBC1DB4B1AB0000F630 /* ADScrollView.m */; };
		8435BEC01DB4BAA20000F630 /* 呼叫背景@2x.png in Resources */ = {isa = PBXBuildFile; fileRef = 8435BEBE1DB4BAA20000F630 /* 呼叫背景@2x.png */; };
		8435BEC11DB4BAA20000F630 /* 呼叫背景@3x.png in Resources */ = {isa = PBXBuildFile; fileRef = 8435BEBF1DB4BAA20000F630 /* 呼叫背景@3x.png */; };
		8435BEC41DB4BAFF0000F630 /* WorkModel.m in Sources */ = {isa = PBXBuildFile; fileRef = 8435BEC31DB4BAFF0000F630 /* WorkModel.m */; };
		8435BEC71DB4CB1D0000F630 /* DataView.m in Sources */ = {isa = PBXBuildFile; fileRef = 8435BEC61DB4CB1D0000F630 /* DataView.m */; };
		8435BECD1DB4DF170000F630 /* ClickView.m in Sources */ = {isa = PBXBuildFile; fileRef = 8435BECC1DB4DF170000F630 /* ClickView.m */; };
		8435BED01DB5B12E0000F630 /* 引导页@2x.png in Resources */ = {isa = PBXBuildFile; fileRef = 8435BECE1DB5B12E0000F630 /* 引导页@2x.png */; };
		8435BED11DB5B12E0000F630 /* 引导页@3x.png in Resources */ = {isa = PBXBuildFile; fileRef = 8435BECF1DB5B12E0000F630 /* 引导页@3x.png */; };
		8435BF1F1DB5B6B10000F630 /* 发布管理附图@2x.png in Resources */ = {isa = PBXBuildFile; fileRef = 8435BF1D1DB5B6B10000F630 /* 发布管理附图@2x.png */; };
		8435BF201DB5B6B10000F630 /* 发布管理附图@3x.png in Resources */ = {isa = PBXBuildFile; fileRef = 8435BF1E1DB5B6B10000F630 /* 发布管理附图@3x.png */; };
		8435BF5B1DB6027C0000F630 /* IssueLabel.m in Sources */ = {isa = PBXBuildFile; fileRef = 8435BF5A1DB6027C0000F630 /* IssueLabel.m */; };
		8435BF5E1DB611640000F630 /* RightButton.m in Sources */ = {isa = PBXBuildFile; fileRef = 8435BF5D1DB611640000F630 /* RightButton.m */; };
		8435BF631DB6160B0000F630 /* DefineValue.m in Sources */ = {isa = PBXBuildFile; fileRef = 8435BF621DB6160B0000F630 /* DefineValue.m */; };
		8435BF661DB61C480000F630 /* AppointSegmentControl.m in Sources */ = {isa = PBXBuildFile; fileRef = 8435BF651DB61C480000F630 /* AppointSegmentControl.m */; };
		8435BF6A1DB624E20000F630 /* AppointTableViewCell.m in Sources */ = {isa = PBXBuildFile; fileRef = 8435BF691DB624E20000F630 /* AppointTableViewCell.m */; };
		8435BF6D1DB62B9B0000F630 /* HeadView.m in Sources */ = {isa = PBXBuildFile; fileRef = 8435BF6C1DB62B9B0000F630 /* HeadView.m */; };
		8435BF701DB706610000F630 /* WeekView.m in Sources */ = {isa = PBXBuildFile; fileRef = 8435BF6F1DB706610000F630 /* WeekView.m */; };
		8435BF761DB70DC30000F630 /* MineTableViewController.m in Sources */ = {isa = PBXBuildFile; fileRef = 8435BF751DB70DC30000F630 /* MineTableViewController.m */; };
		8435BF791DB712930000F630 /* MineTableViewCell.m in Sources */ = {isa = PBXBuildFile; fileRef = 8435BF781DB712930000F630 /* MineTableViewCell.m */; };
		8435BF7D1DB721080000F630 /* StarsView.m in Sources */ = {isa = PBXBuildFile; fileRef = 8435BF7C1DB721070000F630 /* StarsView.m */; };
		8435BF811DB759DF0000F630 /* WeekModel.m in Sources */ = {isa = PBXBuildFile; fileRef = 8435BF801DB759DF0000F630 /* WeekModel.m */; };
		8435BF841DB75B1D0000F630 /* MineModel.m in Sources */ = {isa = PBXBuildFile; fileRef = 8435BF831DB75B1D0000F630 /* MineModel.m */; };
		8435BF871DB761520000F630 /* ReleaseViewController.m in Sources */ = {isa = PBXBuildFile; fileRef = 8435BF861DB761520000F630 /* ReleaseViewController.m */; };
		8435BF8B1DB764400000F630 /* AnalyseViewController.m in Sources */ = {isa = PBXBuildFile; fileRef = 8435BF8A1DB764400000F630 /* AnalyseViewController.m */; };
		8435BF8E1DB764710000F630 /* CommentViewController.m in Sources */ = {isa = PBXBuildFile; fileRef = 8435BF8D1DB764710000F630 /* CommentViewController.m */; };
		8435BF911DB764D40000F630 /* ComplaintViewController.m in Sources */ = {isa = PBXBuildFile; fileRef = 8435BF901DB764D40000F630 /* ComplaintViewController.m */; };
		8435BF941DB76A7E0000F630 /* SecondaryViewController.m in Sources */ = {isa = PBXBuildFile; fileRef = 8435BF931DB76A7E0000F630 /* SecondaryViewController.m */; };
		8435BF991DB77CAA0000F630 /* ReleaseTextView.m in Sources */ = {isa = PBXBuildFile; fileRef = 8435BF981DB77CAA0000F630 /* ReleaseTextView.m */; };
		8435BFA01DB8647C0000F630 /* PhotoManager.m in Sources */ = {isa = PBXBuildFile; fileRef = 8435BF9F1DB8647C0000F630 /* PhotoManager.m */; };
		8435BFA61DB89EC90000F630 /* PhotoBrowserViewController.m in Sources */ = {isa = PBXBuildFile; fileRef = 8435BFA51DB89EC90000F630 /* PhotoBrowserViewController.m */; };
		8435BFB01DB8A7130000F630 /* LevelViewController.m in Sources */ = {isa = PBXBuildFile; fileRef = 8435BFAF1DB8A7130000F630 /* LevelViewController.m */; };
		8435BFB31DB8A7400000F630 /* BalanceViewController.m in Sources */ = {isa = PBXBuildFile; fileRef = 8435BFB21DB8A7400000F630 /* BalanceViewController.m */; };
		8435BFB61DB8A7960000F630 /* BailViewController.m in Sources */ = {isa = PBXBuildFile; fileRef = 8435BFB51DB8A7960000F630 /* BailViewController.m */; };
		8435BFB91DB8A7D10000F630 /* IntroduceViewController.m in Sources */ = {isa = PBXBuildFile; fileRef = 8435BFB81DB8A7D10000F630 /* IntroduceViewController.m */; };
		8435BFBC1DB8A7FC0000F630 /* MyPhotoViewController.m in Sources */ = {isa = PBXBuildFile; fileRef = 8435BFBB1DB8A7FC0000F630 /* MyPhotoViewController.m */; };
		8435BFBF1DB8A8080000F630 /* MessageViewController.m in Sources */ = {isa = PBXBuildFile; fileRef = 8435BFBE1DB8A8080000F630 /* MessageViewController.m */; };
		8435BFC21DB8B7BE0000F630 /* SettingViewController.m in Sources */ = {isa = PBXBuildFile; fileRef = 8435BFC11DB8B7BE0000F630 /* SettingViewController.m */; };
		849599B81DB9AF8E00B168D7 /* AppointScrollView.m in Sources */ = {isa = PBXBuildFile; fileRef = 849599B71DB9AF8E00B168D7 /* AppointScrollView.m */; };
		849599BC1DB9B1BE00B168D7 /* AppointTableViewController.m in Sources */ = {isa = PBXBuildFile; fileRef = 849599BB1DB9B1BE00B168D7 /* AppointTableViewController.m */; };
		849599BF1DB9EDA400B168D7 /* MessageTableViewController.m in Sources */ = {isa = PBXBuildFile; fileRef = 849599BE1DB9EDA400B168D7 /* MessageTableViewController.m */; };
		849599C21DB9EDC800B168D7 /* MessageTableViewCell.m in Sources */ = {isa = PBXBuildFile; fileRef = 849599C11DB9EDC800B168D7 /* MessageTableViewCell.m */; };
		849599C51DB9F4AB00B168D7 /* MessageModel.m in Sources */ = {isa = PBXBuildFile; fileRef = 849599C41DB9F4AB00B168D7 /* MessageModel.m */; };
		84B6405C1D82A47E0017F4B0 /* main.m in Sources */ = {isa = PBXBuildFile; fileRef = 84B6405B1D82A47E0017F4B0 /* main.m */; };
		84B6405F1D82A47E0017F4B0 /* AppDelegate.m in Sources */ = {isa = PBXBuildFile; fileRef = 84B6405E1D82A47E0017F4B0 /* AppDelegate.m */; };
		84B640621D82A47E0017F4B0 /* ViewController.m in Sources */ = {isa = PBXBuildFile; fileRef = 84B640611D82A47E0017F4B0 /* ViewController.m */; };
		84B640651D82A47E0017F4B0 /* Main.storyboard in Resources */ = {isa = PBXBuildFile; fileRef = 84B640631D82A47E0017F4B0 /* Main.storyboard */; };
		84B640671D82A47E0017F4B0 /* Assets.xcassets in Resources */ = {isa = PBXBuildFile; fileRef = 84B640661D82A47E0017F4B0 /* Assets.xcassets */; };
		84B6406A1D82A47E0017F4B0 /* LaunchScreen.storyboard in Resources */ = {isa = PBXBuildFile; fileRef = 84B640681D82A47E0017F4B0 /* LaunchScreen.storyboard */; };
		84B640751D82A47E0017F4B0 /* MerchantCarmgrTests.m in Sources */ = {isa = PBXBuildFile; fileRef = 84B640741D82A47E0017F4B0 /* MerchantCarmgrTests.m */; };
		84B640801D82A47E0017F4B0 /* MerchantCarmgrUITests.m in Sources */ = {isa = PBXBuildFile; fileRef = 84B6407F1D82A47E0017F4B0 /* MerchantCarmgrUITests.m */; };
		84B640931D82AD690017F4B0 /* EnterViewController.m in Sources */ = {isa = PBXBuildFile; fileRef = 84B640921D82AD690017F4B0 /* EnterViewController.m */; };
		84B640971D82B62D0017F4B0 /* TabBarController.m in Sources */ = {isa = PBXBuildFile; fileRef = 84B640961D82B62D0017F4B0 /* TabBarController.m */; };
		84B6409E1D82C8650017F4B0 /* InheritForEnterViewController.m in Sources */ = {isa = PBXBuildFile; fileRef = 84B6409D1D82C8650017F4B0 /* InheritForEnterViewController.m */; };
		84B640A11D8638480017F4B0 /* Public.m in Sources */ = {isa = PBXBuildFile; fileRef = 84B640A01D8638480017F4B0 /* Public.m */; };
		84B640A71D8648550017F4B0 /* LoginViewController.m in Sources */ = {isa = PBXBuildFile; fileRef = 84B640A61D8648550017F4B0 /* LoginViewController.m */; };
		84B640AB1D864C6B0017F4B0 /* EnterView.m in Sources */ = {isa = PBXBuildFile; fileRef = 84B640AA1D864C6B0017F4B0 /* EnterView.m */; };
		84B640AE1D8699890017F4B0 /* MerchantEnterViewController.m in Sources */ = {isa = PBXBuildFile; fileRef = 84B640AD1D8699890017F4B0 /* MerchantEnterViewController.m */; };
		84B640B21D86A5490017F4B0 /* UserProtocolViewController.m in Sources */ = {isa = PBXBuildFile; fileRef = 84B640B11D86A5490017F4B0 /* UserProtocolViewController.m */; };
		84B640B41D86A5670017F4B0 /* 服务协议.txt in Resources */ = {isa = PBXBuildFile; fileRef = 84B640B31D86A5670017F4B0 /* 服务协议.txt */; };
		84B640B81D8797100017F4B0 /* CustomBarViewController.m in Sources */ = {isa = PBXBuildFile; fileRef = 84B640B71D8797100017F4B0 /* CustomBarViewController.m */; };
		84B640BB1D879DD60017F4B0 /* InheritForLeagueViewController.m in Sources */ = {isa = PBXBuildFile; fileRef = 84B640BA1D879DD60017F4B0 /* InheritForLeagueViewController.m */; };
		84B640BF1D87A4030017F4B0 /* OperatorInfoViewController.m in Sources */ = {isa = PBXBuildFile; fileRef = 84B640BE1D87A4030017F4B0 /* OperatorInfoViewController.m */; };
		84B640C21D87A4230017F4B0 /* MerchantInfoViewController.m in Sources */ = {isa = PBXBuildFile; fileRef = 84B640C11D87A4230017F4B0 /* MerchantInfoViewController.m */; };
		84B640C51D87A4360017F4B0 /* LeagueInfoViewController.m in Sources */ = {isa = PBXBuildFile; fileRef = 84B640C41D87A4360017F4B0 /* LeagueInfoViewController.m */; };
		84B640C81D87A5720017F4B0 /* LeagueParentViewController.m in Sources */ = {isa = PBXBuildFile; fileRef = 84B640C71D87A5720017F4B0 /* LeagueParentViewController.m */; };
		84B640CF1D87E7A20017F4B0 /* CustomTextField.m in Sources */ = {isa = PBXBuildFile; fileRef = 84B640CE1D87E7A20017F4B0 /* CustomTextField.m */; };
		84B640D21D8E27490017F4B0 /* UploadImageView.m in Sources */ = {isa = PBXBuildFile; fileRef = 84B640D11D8E27490017F4B0 /* UploadImageView.m */; };
		84B640D81D8E3F910017F4B0 /* PPNetworkCache.m in Sources */ = {isa = PBXBuildFile; fileRef = 84B640D51D8E3F910017F4B0 /* PPNetworkCache.m */; };
		84B640D91D8E3F910017F4B0 /* PPNetworkHelper.m in Sources */ = {isa = PBXBuildFile; fileRef = 84B640D71D8E3F910017F4B0 /* PPNetworkHelper.m */; };
/* End PBXBuildFile section */

/* Begin PBXContainerItemProxy section */
		84B640711D82A47E0017F4B0 /* PBXContainerItemProxy */ = {
			isa = PBXContainerItemProxy;
			containerPortal = 84B6404F1D82A47D0017F4B0 /* Project object */;
			proxyType = 1;
			remoteGlobalIDString = 84B640561D82A47D0017F4B0;
			remoteInfo = MerchantCarmgr;
		};
		84B6407C1D82A47E0017F4B0 /* PBXContainerItemProxy */ = {
			isa = PBXContainerItemProxy;
			containerPortal = 84B6404F1D82A47D0017F4B0 /* Project object */;
			proxyType = 1;
			remoteGlobalIDString = 84B640561D82A47D0017F4B0;
			remoteInfo = MerchantCarmgr;
		};
/* End PBXContainerItemProxy section */

/* Begin PBXFileReference section */
		841E60B51D8F97E1001BF053 /* ChooseServiceViewController.h */ = {isa = PBXFileReference; fileEncoding = 4; lastKnownFileType = sourcecode.c.h; path = ChooseServiceViewController.h; sourceTree = "<group>"; };
		841E60B61D8F97E1001BF053 /* ChooseServiceViewController.m */ = {isa = PBXFileReference; fileEncoding = 4; lastKnownFileType = sourcecode.c.objc; path = ChooseServiceViewController.m; sourceTree = "<group>"; };
		841E60B91D8FC997001BF053 /* ChooseServiceModel.h */ = {isa = PBXFileReference; fileEncoding = 4; lastKnownFileType = sourcecode.c.h; path = ChooseServiceModel.h; sourceTree = "<group>"; };
		841E60BA1D8FC997001BF053 /* ChooseServiceModel.m */ = {isa = PBXFileReference; fileEncoding = 4; lastKnownFileType = sourcecode.c.objc; path = ChooseServiceModel.m; sourceTree = "<group>"; };
		841E60BC1D8FE458001BF053 /* citydata.plist */ = {isa = PBXFileReference; fileEncoding = 4; lastKnownFileType = text.plist.xml; path = citydata.plist; sourceTree = "<group>"; };
		841E60BD1D8FE458001BF053 /* citydict.plist */ = {isa = PBXFileReference; fileEncoding = 4; lastKnownFileType = text.plist.xml; path = citydict.plist; sourceTree = "<group>"; };
		841E60C11D8FE948001BF053 /* ChineseToPinyin.h */ = {isa = PBXFileReference; fileEncoding = 4; lastKnownFileType = sourcecode.c.h; path = ChineseToPinyin.h; sourceTree = "<group>"; };
		841E60C21D8FE948001BF053 /* ChineseToPinyin.m */ = {isa = PBXFileReference; fileEncoding = 4; lastKnownFileType = sourcecode.c.objc; path = ChineseToPinyin.m; sourceTree = "<group>"; };
		841E60C41D90D396001BF053 /* AddressPickerController.h */ = {isa = PBXFileReference; fileEncoding = 4; lastKnownFileType = sourcecode.c.h; path = AddressPickerController.h; sourceTree = "<group>"; };
		841E60C51D90D396001BF053 /* AddressPickerController.m */ = {isa = PBXFileReference; fileEncoding = 4; lastKnownFileType = sourcecode.c.objc; path = AddressPickerController.m; sourceTree = "<group>"; };
		841E60C71D90DBC8001BF053 /* SearchResultTableViewController.h */ = {isa = PBXFileReference; fileEncoding = 4; lastKnownFileType = sourcecode.c.h; path = SearchResultTableViewController.h; sourceTree = "<group>"; };
		841E60C81D90DBC8001BF053 /* SearchResultTableViewController.m */ = {isa = PBXFileReference; fileEncoding = 4; lastKnownFileType = sourcecode.c.objc; path = SearchResultTableViewController.m; sourceTree = "<group>"; };
		841E60CC1D911DA8001BF053 /* HotCityTableViewCell.h */ = {isa = PBXFileReference; fileEncoding = 4; lastKnownFileType = sourcecode.c.h; path = HotCityTableViewCell.h; sourceTree = "<group>"; };
		841E60CD1D911DA8001BF053 /* HotCityTableViewCell.m */ = {isa = PBXFileReference; fileEncoding = 4; lastKnownFileType = sourcecode.c.objc; path = HotCityTableViewCell.m; sourceTree = "<group>"; };
		841E60CF1D913027001BF053 /* CurrentCityTableViewCell.h */ = {isa = PBXFileReference; fileEncoding = 4; lastKnownFileType = sourcecode.c.h; path = CurrentCityTableViewCell.h; sourceTree = "<group>"; };
		841E60D01D913027001BF053 /* CurrentCityTableViewCell.m */ = {isa = PBXFileReference; fileEncoding = 4; lastKnownFileType = sourcecode.c.objc; path = CurrentCityTableViewCell.m; sourceTree = "<group>"; };
		841E60DD1D92193F001BF053 /* LocationManager.h */ = {isa = PBXFileReference; fileEncoding = 4; lastKnownFileType = sourcecode.c.h; path = LocationManager.h; sourceTree = "<group>"; };
		841E60DE1D92193F001BF053 /* LocationManager.m */ = {isa = PBXFileReference; fileEncoding = 4; lastKnownFileType = sourcecode.c.objc; path = LocationManager.m; sourceTree = "<group>"; };
		841E60E01D92716C001BF053 /* SelectAreaTableViewController.h */ = {isa = PBXFileReference; fileEncoding = 4; lastKnownFileType = sourcecode.c.h; path = SelectAreaTableViewController.h; sourceTree = "<group>"; };
		841E60E11D92716C001BF053 /* SelectAreaTableViewController.m */ = {isa = PBXFileReference; fileEncoding = 4; lastKnownFileType = sourcecode.c.objc; path = SelectAreaTableViewController.m; sourceTree = "<group>"; };
		841E60E41D938112001BF053 /* FindPasswordViewController.h */ = {isa = PBXFileReference; fileEncoding = 4; lastKnownFileType = sourcecode.c.h; path = FindPasswordViewController.h; sourceTree = "<group>"; };
		841E60E51D938112001BF053 /* FindPasswordViewController.m */ = {isa = PBXFileReference; fileEncoding = 4; lastKnownFileType = sourcecode.c.objc; path = FindPasswordViewController.m; sourceTree = "<group>"; };
		8425E3431DA8854C008F8C3D /* Pods-MerchantCarmgr.debug.xcconfig */ = {isa = PBXFileReference; fileEncoding = 4; lastKnownFileType = text.xcconfig; name = "Pods-MerchantCarmgr.debug.xcconfig"; path = "Pods/Target Support Files/Pods-MerchantCarmgr/Pods-MerchantCarmgr.debug.xcconfig"; sourceTree = "<group>"; };
		8425E3441DA8854C008F8C3D /* Pods-MerchantCarmgr.release.xcconfig */ = {isa = PBXFileReference; fileEncoding = 4; lastKnownFileType = text.xcconfig; name = "Pods-MerchantCarmgr.release.xcconfig"; path = "Pods/Target Support Files/Pods-MerchantCarmgr/Pods-MerchantCarmgr.release.xcconfig"; sourceTree = "<group>"; };
		8425E3491DA8A066008F8C3D /* GuidePageViewController.h */ = {isa = PBXFileReference; fileEncoding = 4; lastKnownFileType = sourcecode.c.h; path = GuidePageViewController.h; sourceTree = "<group>"; };
		8425E34A1DA8A066008F8C3D /* GuidePageViewController.m */ = {isa = PBXFileReference; fileEncoding = 4; lastKnownFileType = sourcecode.c.objc; path = GuidePageViewController.m; sourceTree = "<group>"; };
		8435BE381DB460E40000F630 /* BasicViewController.h */ = {isa = PBXFileReference; fileEncoding = 4; lastKnownFileType = sourcecode.c.h; path = BasicViewController.h; sourceTree = "<group>"; };
		8435BE391DB460E40000F630 /* BasicViewController.m */ = {isa = PBXFileReference; fileEncoding = 4; lastKnownFileType = sourcecode.c.objc; path = BasicViewController.m; sourceTree = "<group>"; };
		8435BE3C1DB464B00000F630 /* GeneralView.h */ = {isa = PBXFileReference; fileEncoding = 4; lastKnownFileType = sourcecode.c.h; path = GeneralView.h; sourceTree = "<group>"; };
		8435BE3D1DB464B00000F630 /* GeneralView.m */ = {isa = PBXFileReference; fileEncoding = 4; lastKnownFileType = sourcecode.c.objc; path = GeneralView.m; sourceTree = "<group>"; };
		8435BE411DB4687C0000F630 /* GeneralControl.h */ = {isa = PBXFileReference; fileEncoding = 4; lastKnownFileType = sourcecode.c.h; path = GeneralControl.h; sourceTree = "<group>"; };
		8435BE421DB4687C0000F630 /* GeneralControl.m */ = {isa = PBXFileReference; fileEncoding = 4; lastKnownFileType = sourcecode.c.objc; path = GeneralControl.m; sourceTree = "<group>"; };
		8435BE441DB470430000F630 /* BasicNavigationController.h */ = {isa = PBXFileReference; fileEncoding = 4; lastKnownFileType = sourcecode.c.h; path = BasicNavigationController.h; sourceTree = "<group>"; };
		8435BE451DB470430000F630 /* BasicNavigationController.m */ = {isa = PBXFileReference; fileEncoding = 4; lastKnownFileType = sourcecode.c.objc; path = BasicNavigationController.m; sourceTree = "<group>"; };
		8435BE4F1DB4787A0000F630 /* WorkSpaceViewController.h */ = {isa = PBXFileReference; fileEncoding = 4; lastKnownFileType = sourcecode.c.h; path = WorkSpaceViewController.h; sourceTree = "<group>"; };
		8435BE501DB4787A0000F630 /* WorkSpaceViewController.m */ = {isa = PBXFileReference; fileEncoding = 4; lastKnownFileType = sourcecode.c.objc; path = WorkSpaceViewController.m; sourceTree = "<group>"; };
		8435BE5B1DB4798E0000F630 /* IssueViewController.h */ = {isa = PBXFileReference; fileEncoding = 4; lastKnownFileType = sourcecode.c.h; path = IssueViewController.h; sourceTree = "<group>"; };
		8435BE5C1DB4798E0000F630 /* IssueViewController.m */ = {isa = PBXFileReference; fileEncoding = 4; lastKnownFileType = sourcecode.c.objc; path = IssueViewController.m; sourceTree = "<group>"; };
		8435BE5E1DB479A40000F630 /* AppointmentViewController.h */ = {isa = PBXFileReference; fileEncoding = 4; lastKnownFileType = sourcecode.c.h; path = AppointmentViewController.h; sourceTree = "<group>"; };
		8435BE5F1DB479A40000F630 /* AppointmentViewController.m */ = {isa = PBXFileReference; fileEncoding = 4; lastKnownFileType = sourcecode.c.objc; path = AppointmentViewController.m; sourceTree = "<group>"; };
		8435BE611DB479B00000F630 /* MineViewController.h */ = {isa = PBXFileReference; fileEncoding = 4; lastKnownFileType = sourcecode.c.h; path = MineViewController.h; sourceTree = "<group>"; };
		8435BE621DB479B00000F630 /* MineViewController.m */ = {isa = PBXFileReference; fileEncoding = 4; lastKnownFileType = sourcecode.c.objc; path = MineViewController.m; sourceTree = "<group>"; };
		8435BE641DB47D0B0000F630 /* BasicTabBarController.h */ = {isa = PBXFileReference; fileEncoding = 4; lastKnownFileType = sourcecode.c.h; path = BasicTabBarController.h; sourceTree = "<group>"; };
		8435BE651DB47D0B0000F630 /* BasicTabBarController.m */ = {isa = PBXFileReference; fileEncoding = 4; lastKnownFileType = sourcecode.c.objc; path = BasicTabBarController.m; sourceTree = "<group>"; };
		8435BEBB1DB4B1AB0000F630 /* ADScrollView.h */ = {isa = PBXFileReference; fileEncoding = 4; lastKnownFileType = sourcecode.c.h; path = ADScrollView.h; sourceTree = "<group>"; };
		8435BEBC1DB4B1AB0000F630 /* ADScrollView.m */ = {isa = PBXFileReference; fileEncoding = 4; lastKnownFileType = sourcecode.c.objc; path = ADScrollView.m; sourceTree = "<group>"; };
		8435BEBE1DB4BAA20000F630 /* 呼叫背景@2x.png */ = {isa = PBXFileReference; lastKnownFileType = image.png; path = "呼叫背景@2x.png"; sourceTree = "<group>"; };
		8435BEBF1DB4BAA20000F630 /* 呼叫背景@3x.png */ = {isa = PBXFileReference; lastKnownFileType = image.png; path = "呼叫背景@3x.png"; sourceTree = "<group>"; };
		8435BEC21DB4BAFF0000F630 /* WorkModel.h */ = {isa = PBXFileReference; fileEncoding = 4; lastKnownFileType = sourcecode.c.h; path = WorkModel.h; sourceTree = "<group>"; };
		8435BEC31DB4BAFF0000F630 /* WorkModel.m */ = {isa = PBXFileReference; fileEncoding = 4; lastKnownFileType = sourcecode.c.objc; path = WorkModel.m; sourceTree = "<group>"; };
		8435BEC51DB4CB1D0000F630 /* DataView.h */ = {isa = PBXFileReference; fileEncoding = 4; lastKnownFileType = sourcecode.c.h; path = DataView.h; sourceTree = "<group>"; };
		8435BEC61DB4CB1D0000F630 /* DataView.m */ = {isa = PBXFileReference; fileEncoding = 4; lastKnownFileType = sourcecode.c.objc; path = DataView.m; sourceTree = "<group>"; };
		8435BECB1DB4DF170000F630 /* ClickView.h */ = {isa = PBXFileReference; fileEncoding = 4; lastKnownFileType = sourcecode.c.h; path = ClickView.h; sourceTree = "<group>"; };
		8435BECC1DB4DF170000F630 /* ClickView.m */ = {isa = PBXFileReference; fileEncoding = 4; lastKnownFileType = sourcecode.c.objc; path = ClickView.m; sourceTree = "<group>"; };
		8435BECE1DB5B12E0000F630 /* 引导页@2x.png */ = {isa = PBXFileReference; lastKnownFileType = image.png; path = "引导页@2x.png"; sourceTree = "<group>"; };
		8435BECF1DB5B12E0000F630 /* 引导页@3x.png */ = {isa = PBXFileReference; lastKnownFileType = image.png; path = "引导页@3x.png"; sourceTree = "<group>"; };
		8435BF1D1DB5B6B10000F630 /* 发布管理附图@2x.png */ = {isa = PBXFileReference; lastKnownFileType = image.png; name = "发布管理附图@2x.png"; path = "发布管理/发布管理附图@2x.png"; sourceTree = "<group>"; };
		8435BF1E1DB5B6B10000F630 /* 发布管理附图@3x.png */ = {isa = PBXFileReference; lastKnownFileType = image.png; name = "发布管理附图@3x.png"; path = "发布管理/发布管理附图@3x.png"; sourceTree = "<group>"; };
		8435BF591DB6027C0000F630 /* IssueLabel.h */ = {isa = PBXFileReference; fileEncoding = 4; lastKnownFileType = sourcecode.c.h; path = IssueLabel.h; sourceTree = "<group>"; };
		8435BF5A1DB6027C0000F630 /* IssueLabel.m */ = {isa = PBXFileReference; fileEncoding = 4; lastKnownFileType = sourcecode.c.objc; path = IssueLabel.m; sourceTree = "<group>"; };
		8435BF5C1DB611640000F630 /* RightButton.h */ = {isa = PBXFileReference; fileEncoding = 4; lastKnownFileType = sourcecode.c.h; path = RightButton.h; sourceTree = "<group>"; };
		8435BF5D1DB611640000F630 /* RightButton.m */ = {isa = PBXFileReference; fileEncoding = 4; lastKnownFileType = sourcecode.c.objc; path = RightButton.m; sourceTree = "<group>"; };
		8435BF611DB6160B0000F630 /* DefineValue.h */ = {isa = PBXFileReference; fileEncoding = 4; lastKnownFileType = sourcecode.c.h; path = DefineValue.h; sourceTree = "<group>"; };
		8435BF621DB6160B0000F630 /* DefineValue.m */ = {isa = PBXFileReference; fileEncoding = 4; lastKnownFileType = sourcecode.c.objc; path = DefineValue.m; sourceTree = "<group>"; };
		8435BF641DB61C480000F630 /* AppointSegmentControl.h */ = {isa = PBXFileReference; fileEncoding = 4; lastKnownFileType = sourcecode.c.h; path = AppointSegmentControl.h; sourceTree = "<group>"; };
		8435BF651DB61C480000F630 /* AppointSegmentControl.m */ = {isa = PBXFileReference; fileEncoding = 4; lastKnownFileType = sourcecode.c.objc; path = AppointSegmentControl.m; sourceTree = "<group>"; };
		8435BF681DB624E20000F630 /* AppointTableViewCell.h */ = {isa = PBXFileReference; fileEncoding = 4; lastKnownFileType = sourcecode.c.h; path = AppointTableViewCell.h; sourceTree = "<group>"; };
		8435BF691DB624E20000F630 /* AppointTableViewCell.m */ = {isa = PBXFileReference; fileEncoding = 4; lastKnownFileType = sourcecode.c.objc; path = AppointTableViewCell.m; sourceTree = "<group>"; };
		8435BF6B1DB62B9B0000F630 /* HeadView.h */ = {isa = PBXFileReference; fileEncoding = 4; lastKnownFileType = sourcecode.c.h; path = HeadView.h; sourceTree = "<group>"; };
		8435BF6C1DB62B9B0000F630 /* HeadView.m */ = {isa = PBXFileReference; fileEncoding = 4; lastKnownFileType = sourcecode.c.objc; path = HeadView.m; sourceTree = "<group>"; };
		8435BF6E1DB706610000F630 /* WeekView.h */ = {isa = PBXFileReference; fileEncoding = 4; lastKnownFileType = sourcecode.c.h; path = WeekView.h; sourceTree = "<group>"; };
		8435BF6F1DB706610000F630 /* WeekView.m */ = {isa = PBXFileReference; fileEncoding = 4; lastKnownFileType = sourcecode.c.objc; path = WeekView.m; sourceTree = "<group>"; };
		8435BF741DB70DC30000F630 /* MineTableViewController.h */ = {isa = PBXFileReference; fileEncoding = 4; lastKnownFileType = sourcecode.c.h; path = MineTableViewController.h; sourceTree = "<group>"; };
		8435BF751DB70DC30000F630 /* MineTableViewController.m */ = {isa = PBXFileReference; fileEncoding = 4; lastKnownFileType = sourcecode.c.objc; path = MineTableViewController.m; sourceTree = "<group>"; };
		8435BF771DB712930000F630 /* MineTableViewCell.h */ = {isa = PBXFileReference; fileEncoding = 4; lastKnownFileType = sourcecode.c.h; path = MineTableViewCell.h; sourceTree = "<group>"; };
		8435BF781DB712930000F630 /* MineTableViewCell.m */ = {isa = PBXFileReference; fileEncoding = 4; lastKnownFileType = sourcecode.c.objc; path = MineTableViewCell.m; sourceTree = "<group>"; };
		8435BF7B1DB721070000F630 /* StarsView.h */ = {isa = PBXFileReference; fileEncoding = 4; lastKnownFileType = sourcecode.c.h; path = StarsView.h; sourceTree = "<group>"; };
		8435BF7C1DB721070000F630 /* StarsView.m */ = {isa = PBXFileReference; fileEncoding = 4; lastKnownFileType = sourcecode.c.objc; path = StarsView.m; sourceTree = "<group>"; };
		8435BF7F1DB759DF0000F630 /* WeekModel.h */ = {isa = PBXFileReference; fileEncoding = 4; lastKnownFileType = sourcecode.c.h; path = WeekModel.h; sourceTree = "<group>"; };
		8435BF801DB759DF0000F630 /* WeekModel.m */ = {isa = PBXFileReference; fileEncoding = 4; lastKnownFileType = sourcecode.c.objc; path = WeekModel.m; sourceTree = "<group>"; };
		8435BF821DB75B1D0000F630 /* MineModel.h */ = {isa = PBXFileReference; fileEncoding = 4; lastKnownFileType = sourcecode.c.h; path = MineModel.h; sourceTree = "<group>"; };
		8435BF831DB75B1D0000F630 /* MineModel.m */ = {isa = PBXFileReference; fileEncoding = 4; lastKnownFileType = sourcecode.c.objc; path = MineModel.m; sourceTree = "<group>"; };
		8435BF851DB761520000F630 /* ReleaseViewController.h */ = {isa = PBXFileReference; fileEncoding = 4; lastKnownFileType = sourcecode.c.h; path = ReleaseViewController.h; sourceTree = "<group>"; };
		8435BF861DB761520000F630 /* ReleaseViewController.m */ = {isa = PBXFileReference; fileEncoding = 4; lastKnownFileType = sourcecode.c.objc; path = ReleaseViewController.m; sourceTree = "<group>"; };
		8435BF891DB764400000F630 /* AnalyseViewController.h */ = {isa = PBXFileReference; fileEncoding = 4; lastKnownFileType = sourcecode.c.h; path = AnalyseViewController.h; sourceTree = "<group>"; };
		8435BF8A1DB764400000F630 /* AnalyseViewController.m */ = {isa = PBXFileReference; fileEncoding = 4; lastKnownFileType = sourcecode.c.objc; path = AnalyseViewController.m; sourceTree = "<group>"; };
		8435BF8C1DB764710000F630 /* CommentViewController.h */ = {isa = PBXFileReference; fileEncoding = 4; lastKnownFileType = sourcecode.c.h; path = CommentViewController.h; sourceTree = "<group>"; };
		8435BF8D1DB764710000F630 /* CommentViewController.m */ = {isa = PBXFileReference; fileEncoding = 4; lastKnownFileType = sourcecode.c.objc; path = CommentViewController.m; sourceTree = "<group>"; };
		8435BF8F1DB764D40000F630 /* ComplaintViewController.h */ = {isa = PBXFileReference; fileEncoding = 4; lastKnownFileType = sourcecode.c.h; path = ComplaintViewController.h; sourceTree = "<group>"; };
		8435BF901DB764D40000F630 /* ComplaintViewController.m */ = {isa = PBXFileReference; fileEncoding = 4; lastKnownFileType = sourcecode.c.objc; path = ComplaintViewController.m; sourceTree = "<group>"; };
		8435BF921DB76A7E0000F630 /* SecondaryViewController.h */ = {isa = PBXFileReference; fileEncoding = 4; lastKnownFileType = sourcecode.c.h; path = SecondaryViewController.h; sourceTree = "<group>"; };
		8435BF931DB76A7E0000F630 /* SecondaryViewController.m */ = {isa = PBXFileReference; fileEncoding = 4; lastKnownFileType = sourcecode.c.objc; path = SecondaryViewController.m; sourceTree = "<group>"; };
		8435BF971DB77CAA0000F630 /* ReleaseTextView.h */ = {isa = PBXFileReference; fileEncoding = 4; lastKnownFileType = sourcecode.c.h; path = ReleaseTextView.h; sourceTree = "<group>"; };
		8435BF981DB77CAA0000F630 /* ReleaseTextView.m */ = {isa = PBXFileReference; fileEncoding = 4; lastKnownFileType = sourcecode.c.objc; path = ReleaseTextView.m; sourceTree = "<group>"; };
		8435BF9E1DB8647C0000F630 /* PhotoManager.h */ = {isa = PBXFileReference; fileEncoding = 4; lastKnownFileType = sourcecode.c.h; path = PhotoManager.h; sourceTree = "<group>"; };
		8435BF9F1DB8647C0000F630 /* PhotoManager.m */ = {isa = PBXFileReference; fileEncoding = 4; lastKnownFileType = sourcecode.c.objc; path = PhotoManager.m; sourceTree = "<group>"; };
		8435BFA41DB89EC90000F630 /* PhotoBrowserViewController.h */ = {isa = PBXFileReference; fileEncoding = 4; lastKnownFileType = sourcecode.c.h; path = PhotoBrowserViewController.h; sourceTree = "<group>"; };
		8435BFA51DB89EC90000F630 /* PhotoBrowserViewController.m */ = {isa = PBXFileReference; fileEncoding = 4; lastKnownFileType = sourcecode.c.objc; path = PhotoBrowserViewController.m; sourceTree = "<group>"; };
		8435BFA81DB8A1DF0000F630 /* SettingViewController.h */ = {isa = PBXFileReference; fileEncoding = 4; lastKnownFileType = sourcecode.c.h; path = SettingViewController.h; sourceTree = "<group>"; };
		8435BFAE1DB8A7130000F630 /* LevelViewController.h */ = {isa = PBXFileReference; fileEncoding = 4; lastKnownFileType = sourcecode.c.h; path = LevelViewController.h; sourceTree = "<group>"; };
		8435BFAF1DB8A7130000F630 /* LevelViewController.m */ = {isa = PBXFileReference; fileEncoding = 4; lastKnownFileType = sourcecode.c.objc; path = LevelViewController.m; sourceTree = "<group>"; };
		8435BFB11DB8A7400000F630 /* BalanceViewController.h */ = {isa = PBXFileReference; fileEncoding = 4; lastKnownFileType = sourcecode.c.h; path = BalanceViewController.h; sourceTree = "<group>"; };
		8435BFB21DB8A7400000F630 /* BalanceViewController.m */ = {isa = PBXFileReference; fileEncoding = 4; lastKnownFileType = sourcecode.c.objc; path = BalanceViewController.m; sourceTree = "<group>"; };
		8435BFB41DB8A7960000F630 /* BailViewController.h */ = {isa = PBXFileReference; fileEncoding = 4; lastKnownFileType = sourcecode.c.h; path = BailViewController.h; sourceTree = "<group>"; };
		8435BFB51DB8A7960000F630 /* BailViewController.m */ = {isa = PBXFileReference; fileEncoding = 4; lastKnownFileType = sourcecode.c.objc; path = BailViewController.m; sourceTree = "<group>"; };
		8435BFB71DB8A7D10000F630 /* IntroduceViewController.h */ = {isa = PBXFileReference; fileEncoding = 4; lastKnownFileType = sourcecode.c.h; path = IntroduceViewController.h; sourceTree = "<group>"; };
		8435BFB81DB8A7D10000F630 /* IntroduceViewController.m */ = {isa = PBXFileReference; fileEncoding = 4; lastKnownFileType = sourcecode.c.objc; path = IntroduceViewController.m; sourceTree = "<group>"; };
		8435BFBA1DB8A7FC0000F630 /* MyPhotoViewController.h */ = {isa = PBXFileReference; fileEncoding = 4; lastKnownFileType = sourcecode.c.h; path = MyPhotoViewController.h; sourceTree = "<group>"; };
		8435BFBB1DB8A7FC0000F630 /* MyPhotoViewController.m */ = {isa = PBXFileReference; fileEncoding = 4; lastKnownFileType = sourcecode.c.objc; path = MyPhotoViewController.m; sourceTree = "<group>"; };
		8435BFBD1DB8A8080000F630 /* MessageViewController.h */ = {isa = PBXFileReference; fileEncoding = 4; lastKnownFileType = sourcecode.c.h; path = MessageViewController.h; sourceTree = "<group>"; };
		8435BFBE1DB8A8080000F630 /* MessageViewController.m */ = {isa = PBXFileReference; fileEncoding = 4; lastKnownFileType = sourcecode.c.objc; path = MessageViewController.m; sourceTree = "<group>"; };
		8435BFC11DB8B7BE0000F630 /* SettingViewController.m */ = {isa = PBXFileReference; fileEncoding = 4; lastKnownFileType = sourcecode.c.objc; path = SettingViewController.m; sourceTree = "<group>"; };
		849599B61DB9AF8E00B168D7 /* AppointScrollView.h */ = {isa = PBXFileReference; fileEncoding = 4; lastKnownFileType = sourcecode.c.h; path = AppointScrollView.h; sourceTree = "<group>"; };
		849599B71DB9AF8E00B168D7 /* AppointScrollView.m */ = {isa = PBXFileReference; fileEncoding = 4; lastKnownFileType = sourcecode.c.objc; path = AppointScrollView.m; sourceTree = "<group>"; };
		849599BA1DB9B1BE00B168D7 /* AppointTableViewController.h */ = {isa = PBXFileReference; fileEncoding = 4; lastKnownFileType = sourcecode.c.h; path = AppointTableViewController.h; sourceTree = "<group>"; };
		849599BB1DB9B1BE00B168D7 /* AppointTableViewController.m */ = {isa = PBXFileReference; fileEncoding = 4; lastKnownFileType = sourcecode.c.objc; path = AppointTableViewController.m; sourceTree = "<group>"; };
		849599BD1DB9EDA400B168D7 /* MessageTableViewController.h */ = {isa = PBXFileReference; fileEncoding = 4; lastKnownFileType = sourcecode.c.h; path = MessageTableViewController.h; sourceTree = "<group>"; };
		849599BE1DB9EDA400B168D7 /* MessageTableViewController.m */ = {isa = PBXFileReference; fileEncoding = 4; lastKnownFileType = sourcecode.c.objc; path = MessageTableViewController.m; sourceTree = "<group>"; };
		849599C01DB9EDC800B168D7 /* MessageTableViewCell.h */ = {isa = PBXFileReference; fileEncoding = 4; lastKnownFileType = sourcecode.c.h; path = MessageTableViewCell.h; sourceTree = "<group>"; };
		849599C11DB9EDC800B168D7 /* MessageTableViewCell.m */ = {isa = PBXFileReference; fileEncoding = 4; lastKnownFileType = sourcecode.c.objc; path = MessageTableViewCell.m; sourceTree = "<group>"; };
		849599C31DB9F4AB00B168D7 /* MessageModel.h */ = {isa = PBXFileReference; fileEncoding = 4; lastKnownFileType = sourcecode.c.h; path = MessageModel.h; sourceTree = "<group>"; };
		849599C41DB9F4AB00B168D7 /* MessageModel.m */ = {isa = PBXFileReference; fileEncoding = 4; lastKnownFileType = sourcecode.c.objc; path = MessageModel.m; sourceTree = "<group>"; };
		84B640571D82A47D0017F4B0 /* MerchantCarmgr.app */ = {isa = PBXFileReference; explicitFileType = wrapper.application; includeInIndex = 0; path = MerchantCarmgr.app; sourceTree = BUILT_PRODUCTS_DIR; };
		84B6405B1D82A47E0017F4B0 /* main.m */ = {isa = PBXFileReference; lastKnownFileType = sourcecode.c.objc; path = main.m; sourceTree = "<group>"; };
		84B6405D1D82A47E0017F4B0 /* AppDelegate.h */ = {isa = PBXFileReference; lastKnownFileType = sourcecode.c.h; path = AppDelegate.h; sourceTree = "<group>"; };
		84B6405E1D82A47E0017F4B0 /* AppDelegate.m */ = {isa = PBXFileReference; lastKnownFileType = sourcecode.c.objc; path = AppDelegate.m; sourceTree = "<group>"; };
		84B640601D82A47E0017F4B0 /* ViewController.h */ = {isa = PBXFileReference; lastKnownFileType = sourcecode.c.h; path = ViewController.h; sourceTree = "<group>"; };
		84B640611D82A47E0017F4B0 /* ViewController.m */ = {isa = PBXFileReference; lastKnownFileType = sourcecode.c.objc; path = ViewController.m; sourceTree = "<group>"; };
		84B640641D82A47E0017F4B0 /* Base */ = {isa = PBXFileReference; lastKnownFileType = file.storyboard; name = Base; path = Base.lproj/Main.storyboard; sourceTree = "<group>"; };
		84B640661D82A47E0017F4B0 /* Assets.xcassets */ = {isa = PBXFileReference; lastKnownFileType = folder.assetcatalog; path = Assets.xcassets; sourceTree = "<group>"; };
		84B640691D82A47E0017F4B0 /* Base */ = {isa = PBXFileReference; lastKnownFileType = file.storyboard; name = Base; path = Base.lproj/LaunchScreen.storyboard; sourceTree = "<group>"; };
		84B6406B1D82A47E0017F4B0 /* Info.plist */ = {isa = PBXFileReference; lastKnownFileType = text.plist.xml; path = Info.plist; sourceTree = "<group>"; };
		84B640701D82A47E0017F4B0 /* MerchantCarmgrTests.xctest */ = {isa = PBXFileReference; explicitFileType = wrapper.cfbundle; includeInIndex = 0; path = MerchantCarmgrTests.xctest; sourceTree = BUILT_PRODUCTS_DIR; };
		84B640741D82A47E0017F4B0 /* MerchantCarmgrTests.m */ = {isa = PBXFileReference; lastKnownFileType = sourcecode.c.objc; path = MerchantCarmgrTests.m; sourceTree = "<group>"; };
		84B640761D82A47E0017F4B0 /* Info.plist */ = {isa = PBXFileReference; lastKnownFileType = text.plist.xml; path = Info.plist; sourceTree = "<group>"; };
		84B6407B1D82A47E0017F4B0 /* MerchantCarmgrUITests.xctest */ = {isa = PBXFileReference; explicitFileType = wrapper.cfbundle; includeInIndex = 0; path = MerchantCarmgrUITests.xctest; sourceTree = BUILT_PRODUCTS_DIR; };
		84B6407F1D82A47E0017F4B0 /* MerchantCarmgrUITests.m */ = {isa = PBXFileReference; lastKnownFileType = sourcecode.c.objc; path = MerchantCarmgrUITests.m; sourceTree = "<group>"; };
		84B640811D82A47E0017F4B0 /* Info.plist */ = {isa = PBXFileReference; lastKnownFileType = text.plist.xml; path = Info.plist; sourceTree = "<group>"; };
		84B640911D82AD690017F4B0 /* EnterViewController.h */ = {isa = PBXFileReference; fileEncoding = 4; lastKnownFileType = sourcecode.c.h; path = EnterViewController.h; sourceTree = "<group>"; };
		84B640921D82AD690017F4B0 /* EnterViewController.m */ = {isa = PBXFileReference; fileEncoding = 4; lastKnownFileType = sourcecode.c.objc; path = EnterViewController.m; sourceTree = "<group>"; };
		84B640951D82B62D0017F4B0 /* TabBarController.h */ = {isa = PBXFileReference; fileEncoding = 4; lastKnownFileType = sourcecode.c.h; path = TabBarController.h; sourceTree = "<group>"; };
		84B640961D82B62D0017F4B0 /* TabBarController.m */ = {isa = PBXFileReference; fileEncoding = 4; lastKnownFileType = sourcecode.c.objc; path = TabBarController.m; sourceTree = "<group>"; };
		84B6409C1D82C8650017F4B0 /* InheritForEnterViewController.h */ = {isa = PBXFileReference; fileEncoding = 4; lastKnownFileType = sourcecode.c.h; path = InheritForEnterViewController.h; sourceTree = "<group>"; };
		84B6409D1D82C8650017F4B0 /* InheritForEnterViewController.m */ = {isa = PBXFileReference; fileEncoding = 4; lastKnownFileType = sourcecode.c.objc; path = InheritForEnterViewController.m; sourceTree = "<group>"; };
		84B6409F1D8638480017F4B0 /* Public.h */ = {isa = PBXFileReference; fileEncoding = 4; lastKnownFileType = sourcecode.c.h; path = Public.h; sourceTree = "<group>"; };
		84B640A01D8638480017F4B0 /* Public.m */ = {isa = PBXFileReference; fileEncoding = 4; lastKnownFileType = sourcecode.c.objc; path = Public.m; sourceTree = "<group>"; };
		84B640A51D8648550017F4B0 /* LoginViewController.h */ = {isa = PBXFileReference; fileEncoding = 4; lastKnownFileType = sourcecode.c.h; path = LoginViewController.h; sourceTree = "<group>"; };
		84B640A61D8648550017F4B0 /* LoginViewController.m */ = {isa = PBXFileReference; fileEncoding = 4; lastKnownFileType = sourcecode.c.objc; path = LoginViewController.m; sourceTree = "<group>"; };
		84B640A91D864C6B0017F4B0 /* EnterView.h */ = {isa = PBXFileReference; fileEncoding = 4; lastKnownFileType = sourcecode.c.h; path = EnterView.h; sourceTree = "<group>"; };
		84B640AA1D864C6B0017F4B0 /* EnterView.m */ = {isa = PBXFileReference; fileEncoding = 4; lastKnownFileType = sourcecode.c.objc; path = EnterView.m; sourceTree = "<group>"; };
		84B640AC1D8699890017F4B0 /* MerchantEnterViewController.h */ = {isa = PBXFileReference; fileEncoding = 4; lastKnownFileType = sourcecode.c.h; path = MerchantEnterViewController.h; sourceTree = "<group>"; };
		84B640AD1D8699890017F4B0 /* MerchantEnterViewController.m */ = {isa = PBXFileReference; fileEncoding = 4; lastKnownFileType = sourcecode.c.objc; path = MerchantEnterViewController.m; sourceTree = "<group>"; };
		84B640B01D86A5490017F4B0 /* UserProtocolViewController.h */ = {isa = PBXFileReference; fileEncoding = 4; lastKnownFileType = sourcecode.c.h; path = UserProtocolViewController.h; sourceTree = "<group>"; };
		84B640B11D86A5490017F4B0 /* UserProtocolViewController.m */ = {isa = PBXFileReference; fileEncoding = 4; lastKnownFileType = sourcecode.c.objc; path = UserProtocolViewController.m; sourceTree = "<group>"; };
		84B640B31D86A5670017F4B0 /* 服务协议.txt */ = {isa = PBXFileReference; fileEncoding = 4; lastKnownFileType = text; path = "服务协议.txt"; sourceTree = "<group>"; };
		84B640B61D8797100017F4B0 /* CustomBarViewController.h */ = {isa = PBXFileReference; fileEncoding = 4; lastKnownFileType = sourcecode.c.h; path = CustomBarViewController.h; sourceTree = "<group>"; };
		84B640B71D8797100017F4B0 /* CustomBarViewController.m */ = {isa = PBXFileReference; fileEncoding = 4; lastKnownFileType = sourcecode.c.objc; path = CustomBarViewController.m; sourceTree = "<group>"; };
		84B640B91D879DD60017F4B0 /* InheritForLeagueViewController.h */ = {isa = PBXFileReference; fileEncoding = 4; lastKnownFileType = sourcecode.c.h; path = InheritForLeagueViewController.h; sourceTree = "<group>"; };
		84B640BA1D879DD60017F4B0 /* InheritForLeagueViewController.m */ = {isa = PBXFileReference; fileEncoding = 4; lastKnownFileType = sourcecode.c.objc; path = InheritForLeagueViewController.m; sourceTree = "<group>"; };
		84B640BD1D87A4030017F4B0 /* OperatorInfoViewController.h */ = {isa = PBXFileReference; fileEncoding = 4; lastKnownFileType = sourcecode.c.h; path = OperatorInfoViewController.h; sourceTree = "<group>"; };
		84B640BE1D87A4030017F4B0 /* OperatorInfoViewController.m */ = {isa = PBXFileReference; fileEncoding = 4; lastKnownFileType = sourcecode.c.objc; path = OperatorInfoViewController.m; sourceTree = "<group>"; };
		84B640C01D87A4230017F4B0 /* MerchantInfoViewController.h */ = {isa = PBXFileReference; fileEncoding = 4; lastKnownFileType = sourcecode.c.h; path = MerchantInfoViewController.h; sourceTree = "<group>"; };
		84B640C11D87A4230017F4B0 /* MerchantInfoViewController.m */ = {isa = PBXFileReference; fileEncoding = 4; lastKnownFileType = sourcecode.c.objc; path = MerchantInfoViewController.m; sourceTree = "<group>"; };
		84B640C31D87A4360017F4B0 /* LeagueInfoViewController.h */ = {isa = PBXFileReference; fileEncoding = 4; lastKnownFileType = sourcecode.c.h; path = LeagueInfoViewController.h; sourceTree = "<group>"; };
		84B640C41D87A4360017F4B0 /* LeagueInfoViewController.m */ = {isa = PBXFileReference; fileEncoding = 4; lastKnownFileType = sourcecode.c.objc; path = LeagueInfoViewController.m; sourceTree = "<group>"; };
		84B640C61D87A5720017F4B0 /* LeagueParentViewController.h */ = {isa = PBXFileReference; fileEncoding = 4; lastKnownFileType = sourcecode.c.h; path = LeagueParentViewController.h; sourceTree = "<group>"; };
		84B640C71D87A5720017F4B0 /* LeagueParentViewController.m */ = {isa = PBXFileReference; fileEncoding = 4; lastKnownFileType = sourcecode.c.objc; path = LeagueParentViewController.m; sourceTree = "<group>"; };
		84B640CD1D87E7A20017F4B0 /* CustomTextField.h */ = {isa = PBXFileReference; fileEncoding = 4; lastKnownFileType = sourcecode.c.h; path = CustomTextField.h; sourceTree = "<group>"; };
		84B640CE1D87E7A20017F4B0 /* CustomTextField.m */ = {isa = PBXFileReference; fileEncoding = 4; lastKnownFileType = sourcecode.c.objc; path = CustomTextField.m; sourceTree = "<group>"; };
		84B640D01D8E27490017F4B0 /* UploadImageView.h */ = {isa = PBXFileReference; fileEncoding = 4; lastKnownFileType = sourcecode.c.h; path = UploadImageView.h; sourceTree = "<group>"; };
		84B640D11D8E27490017F4B0 /* UploadImageView.m */ = {isa = PBXFileReference; fileEncoding = 4; lastKnownFileType = sourcecode.c.objc; path = UploadImageView.m; sourceTree = "<group>"; };
		84B640D41D8E3F910017F4B0 /* PPNetworkCache.h */ = {isa = PBXFileReference; fileEncoding = 4; lastKnownFileType = sourcecode.c.h; path = PPNetworkCache.h; sourceTree = "<group>"; };
		84B640D51D8E3F910017F4B0 /* PPNetworkCache.m */ = {isa = PBXFileReference; fileEncoding = 4; lastKnownFileType = sourcecode.c.objc; path = PPNetworkCache.m; sourceTree = "<group>"; };
		84B640D61D8E3F910017F4B0 /* PPNetworkHelper.h */ = {isa = PBXFileReference; fileEncoding = 4; lastKnownFileType = sourcecode.c.h; path = PPNetworkHelper.h; sourceTree = "<group>"; };
		84B640D71D8E3F910017F4B0 /* PPNetworkHelper.m */ = {isa = PBXFileReference; fileEncoding = 4; lastKnownFileType = sourcecode.c.objc; path = PPNetworkHelper.m; sourceTree = "<group>"; };
		88F2D261E00FD3FC57637772 /* libPods-MerchantCarmgr.a */ = {isa = PBXFileReference; explicitFileType = archive.ar; includeInIndex = 0; path = "libPods-MerchantCarmgr.a"; sourceTree = BUILT_PRODUCTS_DIR; };
/* End PBXFileReference section */

/* Begin PBXFrameworksBuildPhase section */
		84B640541D82A47D0017F4B0 /* Frameworks */ = {
			isa = PBXFrameworksBuildPhase;
			buildActionMask = 2147483647;
			files = (
				0A9BDCAB72763491717B9EB0 /* libPods-MerchantCarmgr.a in Frameworks */,
			);
			runOnlyForDeploymentPostprocessing = 0;
		};
		84B6406D1D82A47E0017F4B0 /* Frameworks */ = {
			isa = PBXFrameworksBuildPhase;
			buildActionMask = 2147483647;
			files = (
			);
			runOnlyForDeploymentPostprocessing = 0;
		};
		84B640781D82A47E0017F4B0 /* Frameworks */ = {
			isa = PBXFrameworksBuildPhase;
			buildActionMask = 2147483647;
			files = (
			);
			runOnlyForDeploymentPostprocessing = 0;
		};
/* End PBXFrameworksBuildPhase section */

/* Begin PBXGroup section */
		620288352EF5DD50A1824240 /* Frameworks */ = {
			isa = PBXGroup;
			children = (
				88F2D261E00FD3FC57637772 /* libPods-MerchantCarmgr.a */,
			);
			name = Frameworks;
			sourceTree = "<group>";
		};
		841E60B41D8F977D001BF053 /* 选择服务类型 */ = {
			isa = PBXGroup;
			children = (
				841E60B51D8F97E1001BF053 /* ChooseServiceViewController.h */,
				841E60B61D8F97E1001BF053 /* ChooseServiceViewController.m */,
			);
			name = "选择服务类型";
			sourceTree = "<group>";
		};
		841E60B81D8FC97C001BF053 /* Model */ = {
			isa = PBXGroup;
			children = (
				841E60B91D8FC997001BF053 /* ChooseServiceModel.h */,
				841E60BA1D8FC997001BF053 /* ChooseServiceModel.m */,
			);
			name = Model;
			sourceTree = "<group>";
		};
		841E60C01D8FE46F001BF053 /* 选择所在城市 */ = {
			isa = PBXGroup;
			children = (
				841E60C41D90D396001BF053 /* AddressPickerController.h */,
				841E60C51D90D396001BF053 /* AddressPickerController.m */,
				841E60C71D90DBC8001BF053 /* SearchResultTableViewController.h */,
				841E60C81D90DBC8001BF053 /* SearchResultTableViewController.m */,
				841E60E01D92716C001BF053 /* SelectAreaTableViewController.h */,
				841E60E11D92716C001BF053 /* SelectAreaTableViewController.m */,
			);
			name = "选择所在城市";
			sourceTree = "<group>";
		};
		841E60CA1D9111B4001BF053 /* Cell */ = {
			isa = PBXGroup;
			children = (
				841E60CC1D911DA8001BF053 /* HotCityTableViewCell.h */,
				841E60CD1D911DA8001BF053 /* HotCityTableViewCell.m */,
				841E60CF1D913027001BF053 /* CurrentCityTableViewCell.h */,
				841E60D01D913027001BF053 /* CurrentCityTableViewCell.m */,
			);
			name = Cell;
			sourceTree = "<group>";
		};
		841E60CB1D9111C7001BF053 /* Source */ = {
			isa = PBXGroup;
			children = (
				841E60C11D8FE948001BF053 /* ChineseToPinyin.h */,
				841E60C21D8FE948001BF053 /* ChineseToPinyin.m */,
				841E60BC1D8FE458001BF053 /* citydata.plist */,
				841E60BD1D8FE458001BF053 /* citydict.plist */,
			);
			name = Source;
			sourceTree = "<group>";
		};
		841E60DC1D9218F2001BF053 /* 定位城市 */ = {
			isa = PBXGroup;
			children = (
				841E60DD1D92193F001BF053 /* LocationManager.h */,
				841E60DE1D92193F001BF053 /* LocationManager.m */,
			);
			name = "定位城市";
			sourceTree = "<group>";
		};
		841E60E31D9380E2001BF053 /* 找回密码 */ = {
			isa = PBXGroup;
			children = (
				841E60E41D938112001BF053 /* FindPasswordViewController.h */,
				841E60E51D938112001BF053 /* FindPasswordViewController.m */,
			);
			name = "找回密码";
			sourceTree = "<group>";
		};
		8425E3471DA88F5F008F8C3D /* Root */ = {
			isa = PBXGroup;
			children = (
				84B6405D1D82A47E0017F4B0 /* AppDelegate.h */,
				84B6405E1D82A47E0017F4B0 /* AppDelegate.m */,
				84B640601D82A47E0017F4B0 /* ViewController.h */,
				84B640611D82A47E0017F4B0 /* ViewController.m */,
				84B640951D82B62D0017F4B0 /* TabBarController.h */,
				84B640961D82B62D0017F4B0 /* TabBarController.m */,
				8425E3491DA8A066008F8C3D /* GuidePageViewController.h */,
				8425E34A1DA8A066008F8C3D /* GuidePageViewController.m */,
			);
			name = Root;
			sourceTree = "<group>";
		};
		8435BE361DB45DA80000F630 /* Public */ = {
			isa = PBXGroup;
			children = (
				8435BF611DB6160B0000F630 /* DefineValue.h */,
				8435BF621DB6160B0000F630 /* DefineValue.m */,
				84B6409F1D8638480017F4B0 /* Public.h */,
				84B640A01D8638480017F4B0 /* Public.m */,
			);
			name = Public;
			sourceTree = "<group>";
		};
		8435BE371DB4609A0000F630 /* Basic */ = {
			isa = PBXGroup;
			children = (
				8435BF951DB76E970000F630 /* Basic二级页面 */,
				8435BE381DB460E40000F630 /* BasicViewController.h */,
				8435BE391DB460E40000F630 /* BasicViewController.m */,
				8435BE441DB470430000F630 /* BasicNavigationController.h */,
				8435BE451DB470430000F630 /* BasicNavigationController.m */,
				8435BE641DB47D0B0000F630 /* BasicTabBarController.h */,
				8435BE651DB47D0B0000F630 /* BasicTabBarController.m */,
			);
			name = Basic;
			sourceTree = "<group>";
		};
		8435BE3B1DB464600000F630 /* General */ = {
			isa = PBXGroup;
			children = (
				8435BE3F1DB468290000F630 /* Controls */,
				8435BE401DB468380000F630 /* Views */,
			);
			name = General;
			sourceTree = "<group>";
		};
		8435BE3F1DB468290000F630 /* Controls */ = {
			isa = PBXGroup;
			children = (
				8435BE411DB4687C0000F630 /* GeneralControl.h */,
				8435BE421DB4687C0000F630 /* GeneralControl.m */,
			);
			name = Controls;
			sourceTree = "<group>";
		};
		8435BE401DB468380000F630 /* Views */ = {
			isa = PBXGroup;
			children = (
				8435BE3C1DB464B00000F630 /* GeneralView.h */,
				8435BE3D1DB464B00000F630 /* GeneralView.m */,
			);
			name = Views;
			sourceTree = "<group>";
		};
		8435BE471DB477A10000F630 /* 工作台 */ = {
			isa = PBXGroup;
			children = (
				8435BE4E1DB4784A0000F630 /* Model */,
				8435BE4D1DB478450000F630 /* View */,
				8435BE4C1DB478280000F630 /* Controller */,
			);
			name = "工作台";
			sourceTree = "<group>";
		};
		8435BE481DB477B70000F630 /* 发布管理 */ = {
			isa = PBXGroup;
			children = (
				8435BE541DB4789F0000F630 /* Model */,
				8435BE531DB4789A0000F630 /* View */,
				8435BE521DB4788F0000F630 /* Controller */,
			);
			name = "发布管理";
			sourceTree = "<group>";
		};
		8435BE491DB477C40000F630 /* 预约管理 */ = {
			isa = PBXGroup;
			children = (
				8435BE571DB478B10000F630 /* Model */,
				8435BE561DB478AB0000F630 /* View */,
				8435BE551DB478A40000F630 /* Controller */,
			);
			name = "预约管理";
			sourceTree = "<group>";
		};
		8435BE4A1DB477D00000F630 /* 我的 */ = {
			isa = PBXGroup;
			children = (
				8435BE5A1DB478C60000F630 /* Model */,
				8435BE591DB478BF0000F630 /* View */,
				8435BE581DB478B80000F630 /* Controller */,
			);
			name = "我的";
			sourceTree = "<group>";
		};
		8435BE4B1DB477D90000F630 /* 页面 */ = {
			isa = PBXGroup;
			children = (
				8435BE4A1DB477D00000F630 /* 我的 */,
				8435BE491DB477C40000F630 /* 预约管理 */,
				8435BE481DB477B70000F630 /* 发布管理 */,
				8435BE471DB477A10000F630 /* 工作台 */,
			);
			name = "页面";
			sourceTree = "<group>";
		};
		8435BE4C1DB478280000F630 /* Controller */ = {
			isa = PBXGroup;
			children = (
				8435BF881DB761580000F630 /* 二级页面 */,
				8435BE4F1DB4787A0000F630 /* WorkSpaceViewController.h */,
				8435BE501DB4787A0000F630 /* WorkSpaceViewController.m */,
			);
			name = Controller;
			sourceTree = "<group>";
		};
		8435BE4D1DB478450000F630 /* View */ = {
			isa = PBXGroup;
			children = (
				8435BF961DB773760000F630 /* 二级页面 */,
				8435BEBB1DB4B1AB0000F630 /* ADScrollView.h */,
				8435BEBC1DB4B1AB0000F630 /* ADScrollView.m */,
				8435BEC51DB4CB1D0000F630 /* DataView.h */,
				8435BEC61DB4CB1D0000F630 /* DataView.m */,
				8435BECB1DB4DF170000F630 /* ClickView.h */,
				8435BECC1DB4DF170000F630 /* ClickView.m */,
			);
			name = View;
			sourceTree = "<group>";
		};
		8435BE4E1DB4784A0000F630 /* Model */ = {
			isa = PBXGroup;
			children = (
				8435BEC21DB4BAFF0000F630 /* WorkModel.h */,
				8435BEC31DB4BAFF0000F630 /* WorkModel.m */,
			);
			name = Model;
			sourceTree = "<group>";
		};
		8435BE521DB4788F0000F630 /* Controller */ = {
			isa = PBXGroup;
			children = (
				8435BE5B1DB4798E0000F630 /* IssueViewController.h */,
				8435BE5C1DB4798E0000F630 /* IssueViewController.m */,
			);
			name = Controller;
			sourceTree = "<group>";
		};
		8435BE531DB4789A0000F630 /* View */ = {
			isa = PBXGroup;
			children = (
				8435BF591DB6027C0000F630 /* IssueLabel.h */,
				8435BF5A1DB6027C0000F630 /* IssueLabel.m */,
				8435BF5C1DB611640000F630 /* RightButton.h */,
				8435BF5D1DB611640000F630 /* RightButton.m */,
			);
			name = View;
			sourceTree = "<group>";
		};
		8435BE541DB4789F0000F630 /* Model */ = {
			isa = PBXGroup;
			children = (
			);
			name = Model;
			sourceTree = "<group>";
		};
		8435BE551DB478A40000F630 /* Controller */ = {
			isa = PBXGroup;
			children = (
				849599B91DB9AF9F00B168D7 /* TableViewController */,
				8435BE5E1DB479A40000F630 /* AppointmentViewController.h */,
				8435BE5F1DB479A40000F630 /* AppointmentViewController.m */,
			);
			name = Controller;
			sourceTree = "<group>";
		};
		8435BE561DB478AB0000F630 /* View */ = {
			isa = PBXGroup;
			children = (
				8435BF671DB624AF0000F630 /* Cell */,
				8435BF641DB61C480000F630 /* AppointSegmentControl.h */,
				8435BF651DB61C480000F630 /* AppointSegmentControl.m */,
				849599B61DB9AF8E00B168D7 /* AppointScrollView.h */,
				849599B71DB9AF8E00B168D7 /* AppointScrollView.m */,
			);
			name = View;
			sourceTree = "<group>";
		};
		8435BE571DB478B10000F630 /* Model */ = {
			isa = PBXGroup;
			children = (
			);
			name = Model;
			sourceTree = "<group>";
		};
		8435BE581DB478B80000F630 /* Controller */ = {
			isa = PBXGroup;
			children = (
				8435BFA71DB8A0EA0000F630 /* 二级页面 */,
				8435BF7E1DB7589C0000F630 /* TableViewController */,
				8435BE611DB479B00000F630 /* MineViewController.h */,
				8435BE621DB479B00000F630 /* MineViewController.m */,
			);
			name = Controller;
			sourceTree = "<group>";
		};
		8435BE591DB478BF0000F630 /* View */ = {
			isa = PBXGroup;
			children = (
				8435BF7A1DB7129A0000F630 /* Cell */,
				8435BF6B1DB62B9B0000F630 /* HeadView.h */,
				8435BF6C1DB62B9B0000F630 /* HeadView.m */,
				8435BF6E1DB706610000F630 /* WeekView.h */,
				8435BF6F1DB706610000F630 /* WeekView.m */,
			);
			name = View;
			sourceTree = "<group>";
		};
		8435BE5A1DB478C60000F630 /* Model */ = {
			isa = PBXGroup;
			children = (
				8435BF7F1DB759DF0000F630 /* WeekModel.h */,
				8435BF801DB759DF0000F630 /* WeekModel.m */,
				8435BF821DB75B1D0000F630 /* MineModel.h */,
				8435BF831DB75B1D0000F630 /* MineModel.m */,
				849599C31DB9F4AB00B168D7 /* MessageModel.h */,
				849599C41DB9F4AB00B168D7 /* MessageModel.m */,
			);
			name = Model;
			sourceTree = "<group>";
		};
		8435BE911DB4A97F0000F630 /* Images */ = {
			isa = PBXGroup;
			children = (
				8435BF1D1DB5B6B10000F630 /* 发布管理附图@2x.png */,
				8435BF1E1DB5B6B10000F630 /* 发布管理附图@3x.png */,
				8435BECE1DB5B12E0000F630 /* 引导页@2x.png */,
				8435BECF1DB5B12E0000F630 /* 引导页@3x.png */,
				8435BEBE1DB4BAA20000F630 /* 呼叫背景@2x.png */,
				8435BEBF1DB4BAA20000F630 /* 呼叫背景@3x.png */,
			);
			path = Images;
			sourceTree = "<group>";
		};
		8435BF671DB624AF0000F630 /* Cell */ = {
			isa = PBXGroup;
			children = (
				8435BF681DB624E20000F630 /* AppointTableViewCell.h */,
				8435BF691DB624E20000F630 /* AppointTableViewCell.m */,
			);
			name = Cell;
			sourceTree = "<group>";
		};
		8435BF7A1DB7129A0000F630 /* Cell */ = {
			isa = PBXGroup;
			children = (
				849599C01DB9EDC800B168D7 /* MessageTableViewCell.h */,
				849599C11DB9EDC800B168D7 /* MessageTableViewCell.m */,
				8435BF771DB712930000F630 /* MineTableViewCell.h */,
				8435BF781DB712930000F630 /* MineTableViewCell.m */,
				8435BF7B1DB721070000F630 /* StarsView.h */,
				8435BF7C1DB721070000F630 /* StarsView.m */,
			);
			name = Cell;
			sourceTree = "<group>";
		};
		8435BF7E1DB7589C0000F630 /* TableViewController */ = {
			isa = PBXGroup;
			children = (
				8435BF741DB70DC30000F630 /* MineTableViewController.h */,
				8435BF751DB70DC30000F630 /* MineTableViewController.m */,
				849599BD1DB9EDA400B168D7 /* MessageTableViewController.h */,
				849599BE1DB9EDA400B168D7 /* MessageTableViewController.m */,
			);
			name = TableViewController;
			sourceTree = "<group>";
		};
		8435BF881DB761580000F630 /* 二级页面 */ = {
			isa = PBXGroup;
			children = (
				8435BF851DB761520000F630 /* ReleaseViewController.h */,
				8435BF861DB761520000F630 /* ReleaseViewController.m */,
				8435BF891DB764400000F630 /* AnalyseViewController.h */,
				8435BF8A1DB764400000F630 /* AnalyseViewController.m */,
				8435BF8C1DB764710000F630 /* CommentViewController.h */,
				8435BF8D1DB764710000F630 /* CommentViewController.m */,
				8435BF8F1DB764D40000F630 /* ComplaintViewController.h */,
				8435BF901DB764D40000F630 /* ComplaintViewController.m */,
			);
			name = "二级页面";
			sourceTree = "<group>";
		};
		8435BF951DB76E970000F630 /* Basic二级页面 */ = {
			isa = PBXGroup;
			children = (
				8435BF921DB76A7E0000F630 /* SecondaryViewController.h */,
				8435BF931DB76A7E0000F630 /* SecondaryViewController.m */,
			);
			name = "Basic二级页面";
			sourceTree = "<group>";
		};
		8435BF961DB773760000F630 /* 二级页面 */ = {
			isa = PBXGroup;
			children = (
				8435BF971DB77CAA0000F630 /* ReleaseTextView.h */,
				8435BF981DB77CAA0000F630 /* ReleaseTextView.m */,
			);
			name = "二级页面";
			sourceTree = "<group>";
		};
		8435BF9D1DB85D080000F630 /* 图片选择 */ = {
			isa = PBXGroup;
			children = (
				8435BF9E1DB8647C0000F630 /* PhotoManager.h */,
				8435BF9F1DB8647C0000F630 /* PhotoManager.m */,
				8435BFA41DB89EC90000F630 /* PhotoBrowserViewController.h */,
				8435BFA51DB89EC90000F630 /* PhotoBrowserViewController.m */,
			);
			name = "图片选择";
			sourceTree = "<group>";
		};
		8435BFA71DB8A0EA0000F630 /* 二级页面 */ = {
			isa = PBXGroup;
			children = (
				8435BFAE1DB8A7130000F630 /* LevelViewController.h */,
				8435BFAF1DB8A7130000F630 /* LevelViewController.m */,
				8435BFB11DB8A7400000F630 /* BalanceViewController.h */,
				8435BFB21DB8A7400000F630 /* BalanceViewController.m */,
				8435BFB41DB8A7960000F630 /* BailViewController.h */,
				8435BFB51DB8A7960000F630 /* BailViewController.m */,
				8435BFB71DB8A7D10000F630 /* IntroduceViewController.h */,
				8435BFB81DB8A7D10000F630 /* IntroduceViewController.m */,
				8435BFBA1DB8A7FC0000F630 /* MyPhotoViewController.h */,
				8435BFBB1DB8A7FC0000F630 /* MyPhotoViewController.m */,
				8435BFBD1DB8A8080000F630 /* MessageViewController.h */,
				8435BFBE1DB8A8080000F630 /* MessageViewController.m */,
				8435BFA81DB8A1DF0000F630 /* SettingViewController.h */,
				8435BFC11DB8B7BE0000F630 /* SettingViewController.m */,
			);
			name = "二级页面";
			sourceTree = "<group>";
		};
		849599B91DB9AF9F00B168D7 /* TableViewController */ = {
			isa = PBXGroup;
			children = (
				849599BA1DB9B1BE00B168D7 /* AppointTableViewController.h */,
				849599BB1DB9B1BE00B168D7 /* AppointTableViewController.m */,
			);
			name = TableViewController;
			sourceTree = "<group>";
		};
		84B6404E1D82A47D0017F4B0 = {
			isa = PBXGroup;
			children = (
				84B640591D82A47E0017F4B0 /* MerchantCarmgr */,
				84B640731D82A47E0017F4B0 /* MerchantCarmgrTests */,
				84B6407E1D82A47E0017F4B0 /* MerchantCarmgrUITests */,
				84B640581D82A47D0017F4B0 /* Products */,
				9AC1C68E87FA87E61A4DDE73 /* Pods */,
				620288352EF5DD50A1824240 /* Frameworks */,
			);
			sourceTree = "<group>";
		};
		84B640581D82A47D0017F4B0 /* Products */ = {
			isa = PBXGroup;
			children = (
				84B640571D82A47D0017F4B0 /* MerchantCarmgr.app */,
				84B640701D82A47E0017F4B0 /* MerchantCarmgrTests.xctest */,
				84B6407B1D82A47E0017F4B0 /* MerchantCarmgrUITests.xctest */,
			);
			name = Products;
			sourceTree = "<group>";
		};
		84B640591D82A47E0017F4B0 /* MerchantCarmgr */ = {
			isa = PBXGroup;
			children = (
				8435BE4B1DB477D90000F630 /* 页面 */,
				8435BE911DB4A97F0000F630 /* Images */,
				84B640981D82C1C30017F4B0 /* util */,
				84B640941D82B5EE0017F4B0 /* Main */,
				84B6408D1D82AC830017F4B0 /* 登录和入驻 */,
				84B6405A1D82A47E0017F4B0 /* Supporting Files */,
			);
			path = MerchantCarmgr;
			sourceTree = "<group>";
		};
		84B6405A1D82A47E0017F4B0 /* Supporting Files */ = {
			isa = PBXGroup;
			children = (
				84B640631D82A47E0017F4B0 /* Main.storyboard */,
				84B640681D82A47E0017F4B0 /* LaunchScreen.storyboard */,
			);
			name = "Supporting Files";
			sourceTree = "<group>";
		};
		84B640731D82A47E0017F4B0 /* MerchantCarmgrTests */ = {
			isa = PBXGroup;
			children = (
				84B640741D82A47E0017F4B0 /* MerchantCarmgrTests.m */,
				84B640761D82A47E0017F4B0 /* Info.plist */,
			);
			path = MerchantCarmgrTests;
			sourceTree = "<group>";
		};
		84B6407E1D82A47E0017F4B0 /* MerchantCarmgrUITests */ = {
			isa = PBXGroup;
			children = (
				84B6407F1D82A47E0017F4B0 /* MerchantCarmgrUITests.m */,
				84B640811D82A47E0017F4B0 /* Info.plist */,
			);
			path = MerchantCarmgrUITests;
			sourceTree = "<group>";
		};
		84B6408D1D82AC830017F4B0 /* 登录和入驻 */ = {
			isa = PBXGroup;
			children = (
				841E60B81D8FC97C001BF053 /* Model */,
				84B640A81D864C3C0017F4B0 /* View */,
				84B640901D82ACEE0017F4B0 /* Controller */,
			);
			name = "登录和入驻";
			sourceTree = "<group>";
		};
		84B6408E1D82ACAE0017F4B0 /* 登录 */ = {
			isa = PBXGroup;
			children = (
				84B640A51D8648550017F4B0 /* LoginViewController.h */,
				84B640A61D8648550017F4B0 /* LoginViewController.m */,
				841E60E31D9380E2001BF053 /* 找回密码 */,
			);
			name = "登录";
			sourceTree = "<group>";
		};
		84B6408F1D82ACB60017F4B0 /* 入驻 */ = {
			isa = PBXGroup;
			children = (
				84B640AC1D8699890017F4B0 /* MerchantEnterViewController.h */,
				84B640AD1D8699890017F4B0 /* MerchantEnterViewController.m */,
				84B640AF1D86A4F00017F4B0 /* 用户协议 */,
				84B640BC1D87A3750017F4B0 /* 加盟 */,
			);
			name = "入驻";
			sourceTree = "<group>";
		};
		84B640901D82ACEE0017F4B0 /* Controller */ = {
			isa = PBXGroup;
			children = (
				84B640911D82AD690017F4B0 /* EnterViewController.h */,
				84B640921D82AD690017F4B0 /* EnterViewController.m */,
				84B640B51D8796C60017F4B0 /* 继承控制器 */,
				84B6408E1D82ACAE0017F4B0 /* 登录 */,
				84B6408F1D82ACB60017F4B0 /* 入驻 */,
			);
			name = Controller;
			sourceTree = "<group>";
		};
		84B640941D82B5EE0017F4B0 /* Main */ = {
			isa = PBXGroup;
			children = (
				8435BE3B1DB464600000F630 /* General */,
				8435BE371DB4609A0000F630 /* Basic */,
				8425E3471DA88F5F008F8C3D /* Root */,
				84B640661D82A47E0017F4B0 /* Assets.xcassets */,
				84B6406B1D82A47E0017F4B0 /* Info.plist */,
				84B6405B1D82A47E0017F4B0 /* main.m */,
			);
			name = Main;
			sourceTree = "<group>";
		};
		84B640981D82C1C30017F4B0 /* util */ = {
			isa = PBXGroup;
			children = (
				841E60DC1D9218F2001BF053 /* 定位城市 */,
				8435BF9D1DB85D080000F630 /* 图片选择 */,
				84B640C91D87E69A0017F4B0 /* 自定义控件 */,
				841E60CB1D9111C7001BF053 /* Source */,
				84B640D31D8E3F910017F4B0 /* PPNetworkHelper */,
				8435BE361DB45DA80000F630 /* Public */,
			);
			name = util;
			sourceTree = "<group>";
		};
		84B640A81D864C3C0017F4B0 /* View */ = {
			isa = PBXGroup;
			children = (
				841E60CA1D9111B4001BF053 /* Cell */,
				84B640A91D864C6B0017F4B0 /* EnterView.h */,
				84B640AA1D864C6B0017F4B0 /* EnterView.m */,
			);
			name = View;
			sourceTree = "<group>";
		};
		84B640AF1D86A4F00017F4B0 /* 用户协议 */ = {
			isa = PBXGroup;
			children = (
				84B640B31D86A5670017F4B0 /* 服务协议.txt */,
				84B640B01D86A5490017F4B0 /* UserProtocolViewController.h */,
				84B640B11D86A5490017F4B0 /* UserProtocolViewController.m */,
			);
			name = "用户协议";
			sourceTree = "<group>";
		};
		84B640B51D8796C60017F4B0 /* 继承控制器 */ = {
			isa = PBXGroup;
			children = (
				84B640B61D8797100017F4B0 /* CustomBarViewController.h */,
				84B640B71D8797100017F4B0 /* CustomBarViewController.m */,
				84B6409C1D82C8650017F4B0 /* InheritForEnterViewController.h */,
				84B6409D1D82C8650017F4B0 /* InheritForEnterViewController.m */,
				84B640B91D879DD60017F4B0 /* InheritForLeagueViewController.h */,
				84B640BA1D879DD60017F4B0 /* InheritForLeagueViewController.m */,
			);
			name = "继承控制器";
			sourceTree = "<group>";
		};
		84B640BC1D87A3750017F4B0 /* 加盟 */ = {
			isa = PBXGroup;
			children = (
				84B640C61D87A5720017F4B0 /* LeagueParentViewController.h */,
				84B640C71D87A5720017F4B0 /* LeagueParentViewController.m */,
				84B640BD1D87A4030017F4B0 /* OperatorInfoViewController.h */,
				84B640BE1D87A4030017F4B0 /* OperatorInfoViewController.m */,
				84B640C01D87A4230017F4B0 /* MerchantInfoViewController.h */,
				84B640C11D87A4230017F4B0 /* MerchantInfoViewController.m */,
				84B640C31D87A4360017F4B0 /* LeagueInfoViewController.h */,
				84B640C41D87A4360017F4B0 /* LeagueInfoViewController.m */,
				841E60C01D8FE46F001BF053 /* 选择所在城市 */,
				841E60B41D8F977D001BF053 /* 选择服务类型 */,
			);
			name = "加盟";
			sourceTree = "<group>";
		};
		84B640C91D87E69A0017F4B0 /* 自定义控件 */ = {
			isa = PBXGroup;
			children = (
				84B640CD1D87E7A20017F4B0 /* CustomTextField.h */,
				84B640CE1D87E7A20017F4B0 /* CustomTextField.m */,
				84B640D01D8E27490017F4B0 /* UploadImageView.h */,
				84B640D11D8E27490017F4B0 /* UploadImageView.m */,
			);
			name = "自定义控件";
			sourceTree = "<group>";
		};
		84B640D31D8E3F910017F4B0 /* PPNetworkHelper */ = {
			isa = PBXGroup;
			children = (
				84B640D41D8E3F910017F4B0 /* PPNetworkCache.h */,
				84B640D51D8E3F910017F4B0 /* PPNetworkCache.m */,
				84B640D61D8E3F910017F4B0 /* PPNetworkHelper.h */,
				84B640D71D8E3F910017F4B0 /* PPNetworkHelper.m */,
			);
			path = PPNetworkHelper;
			sourceTree = "<group>";
		};
		9AC1C68E87FA87E61A4DDE73 /* Pods */ = {
			isa = PBXGroup;
			children = (
				8425E3431DA8854C008F8C3D /* Pods-MerchantCarmgr.debug.xcconfig */,
				8425E3441DA8854C008F8C3D /* Pods-MerchantCarmgr.release.xcconfig */,
			);
			name = Pods;
			sourceTree = "<group>";
		};
/* End PBXGroup section */

/* Begin PBXNativeTarget section */
		84B640561D82A47D0017F4B0 /* MerchantCarmgr */ = {
			isa = PBXNativeTarget;
			buildConfigurationList = 84B640841D82A47E0017F4B0 /* Build configuration list for PBXNativeTarget "MerchantCarmgr" */;
			buildPhases = (
				B7851CDD364F94A2871105AC /* [CP] Check Pods Manifest.lock */,
				84B640531D82A47D0017F4B0 /* Sources */,
				84B640541D82A47D0017F4B0 /* Frameworks */,
				84B640551D82A47D0017F4B0 /* Resources */,
				7CD89579CE918323D900F478 /* [CP] Embed Pods Frameworks */,
				57B361CD3AF994DFCC036CC0 /* [CP] Copy Pods Resources */,
			);
			buildRules = (
			);
			dependencies = (
			);
			name = MerchantCarmgr;
			productName = MerchantCarmgr;
			productReference = 84B640571D82A47D0017F4B0 /* MerchantCarmgr.app */;
			productType = "com.apple.product-type.application";
		};
		84B6406F1D82A47E0017F4B0 /* MerchantCarmgrTests */ = {
			isa = PBXNativeTarget;
			buildConfigurationList = 84B640871D82A47E0017F4B0 /* Build configuration list for PBXNativeTarget "MerchantCarmgrTests" */;
			buildPhases = (
				84B6406C1D82A47E0017F4B0 /* Sources */,
				84B6406D1D82A47E0017F4B0 /* Frameworks */,
				84B6406E1D82A47E0017F4B0 /* Resources */,
			);
			buildRules = (
			);
			dependencies = (
				84B640721D82A47E0017F4B0 /* PBXTargetDependency */,
			);
			name = MerchantCarmgrTests;
			productName = MerchantCarmgrTests;
			productReference = 84B640701D82A47E0017F4B0 /* MerchantCarmgrTests.xctest */;
			productType = "com.apple.product-type.bundle.unit-test";
		};
		84B6407A1D82A47E0017F4B0 /* MerchantCarmgrUITests */ = {
			isa = PBXNativeTarget;
			buildConfigurationList = 84B6408A1D82A47E0017F4B0 /* Build configuration list for PBXNativeTarget "MerchantCarmgrUITests" */;
			buildPhases = (
				84B640771D82A47E0017F4B0 /* Sources */,
				84B640781D82A47E0017F4B0 /* Frameworks */,
				84B640791D82A47E0017F4B0 /* Resources */,
			);
			buildRules = (
			);
			dependencies = (
				84B6407D1D82A47E0017F4B0 /* PBXTargetDependency */,
			);
			name = MerchantCarmgrUITests;
			productName = MerchantCarmgrUITests;
			productReference = 84B6407B1D82A47E0017F4B0 /* MerchantCarmgrUITests.xctest */;
			productType = "com.apple.product-type.bundle.ui-testing";
		};
/* End PBXNativeTarget section */

/* Begin PBXProject section */
		84B6404F1D82A47D0017F4B0 /* Project object */ = {
			isa = PBXProject;
			attributes = {
				LastUpgradeCheck = 0800;
				ORGANIZATIONNAME = yiwuchebao;
				TargetAttributes = {
					84B640561D82A47D0017F4B0 = {
						CreatedOnToolsVersion = 7.3.1;
						DevelopmentTeam = JP3LJ67987;
					};
					84B6406F1D82A47E0017F4B0 = {
						CreatedOnToolsVersion = 7.3.1;
						TestTargetID = 84B640561D82A47D0017F4B0;
					};
					84B6407A1D82A47E0017F4B0 = {
						CreatedOnToolsVersion = 7.3.1;
						TestTargetID = 84B640561D82A47D0017F4B0;
					};
				};
			};
			buildConfigurationList = 84B640521D82A47D0017F4B0 /* Build configuration list for PBXProject "MerchantCarmgr" */;
			compatibilityVersion = "Xcode 3.2";
			developmentRegion = English;
			hasScannedForEncodings = 0;
			knownRegions = (
				en,
				Base,
			);
			mainGroup = 84B6404E1D82A47D0017F4B0;
			productRefGroup = 84B640581D82A47D0017F4B0 /* Products */;
			projectDirPath = "";
			projectRoot = "";
			targets = (
				84B640561D82A47D0017F4B0 /* MerchantCarmgr */,
				84B6406F1D82A47E0017F4B0 /* MerchantCarmgrTests */,
				84B6407A1D82A47E0017F4B0 /* MerchantCarmgrUITests */,
			);
		};
/* End PBXProject section */

/* Begin PBXResourcesBuildPhase section */
		84B640551D82A47D0017F4B0 /* Resources */ = {
			isa = PBXResourcesBuildPhase;
			buildActionMask = 2147483647;
			files = (
				8435BEC01DB4BAA20000F630 /* 呼叫背景@2x.png in Resources */,
				8435BF1F1DB5B6B10000F630 /* 发布管理附图@2x.png in Resources */,
				8435BED01DB5B12E0000F630 /* 引导页@2x.png in Resources */,
				8435BF201DB5B6B10000F630 /* 发布管理附图@3x.png in Resources */,
				8435BED11DB5B12E0000F630 /* 引导页@3x.png in Resources */,
				841E60BE1D8FE458001BF053 /* citydata.plist in Resources */,
				841E60BF1D8FE458001BF053 /* citydict.plist in Resources */,
				84B6406A1D82A47E0017F4B0 /* LaunchScreen.storyboard in Resources */,
				84B640B41D86A5670017F4B0 /* 服务协议.txt in Resources */,
				84B640671D82A47E0017F4B0 /* Assets.xcassets in Resources */,
				84B640651D82A47E0017F4B0 /* Main.storyboard in Resources */,
				8435BEC11DB4BAA20000F630 /* 呼叫背景@3x.png in Resources */,
			);
			runOnlyForDeploymentPostprocessing = 0;
		};
		84B6406E1D82A47E0017F4B0 /* Resources */ = {
			isa = PBXResourcesBuildPhase;
			buildActionMask = 2147483647;
			files = (
			);
			runOnlyForDeploymentPostprocessing = 0;
		};
		84B640791D82A47E0017F4B0 /* Resources */ = {
			isa = PBXResourcesBuildPhase;
			buildActionMask = 2147483647;
			files = (
			);
			runOnlyForDeploymentPostprocessing = 0;
		};
/* End PBXResourcesBuildPhase section */

/* Begin PBXShellScriptBuildPhase section */
		57B361CD3AF994DFCC036CC0 /* [CP] Copy Pods Resources */ = {
			isa = PBXShellScriptBuildPhase;
			buildActionMask = 2147483647;
			files = (
			);
			inputPaths = (
			);
			name = "[CP] Copy Pods Resources";
			outputPaths = (
			);
			runOnlyForDeploymentPostprocessing = 0;
			shellPath = /bin/sh;
			shellScript = "\"${SRCROOT}/Pods/Target Support Files/Pods-MerchantCarmgr/Pods-MerchantCarmgr-resources.sh\"\n";
			showEnvVarsInLog = 0;
		};
		7CD89579CE918323D900F478 /* [CP] Embed Pods Frameworks */ = {
			isa = PBXShellScriptBuildPhase;
			buildActionMask = 2147483647;
			files = (
			);
			inputPaths = (
			);
			name = "[CP] Embed Pods Frameworks";
			outputPaths = (
			);
			runOnlyForDeploymentPostprocessing = 0;
			shellPath = /bin/sh;
			shellScript = "\"${SRCROOT}/Pods/Target Support Files/Pods-MerchantCarmgr/Pods-MerchantCarmgr-frameworks.sh\"\n";
			showEnvVarsInLog = 0;
		};
		B7851CDD364F94A2871105AC /* [CP] Check Pods Manifest.lock */ = {
			isa = PBXShellScriptBuildPhase;
			buildActionMask = 2147483647;
			files = (
			);
			inputPaths = (
			);
			name = "[CP] Check Pods Manifest.lock";
			outputPaths = (
			);
			runOnlyForDeploymentPostprocessing = 0;
			shellPath = /bin/sh;
			shellScript = "diff \"${PODS_ROOT}/../Podfile.lock\" \"${PODS_ROOT}/Manifest.lock\" > /dev/null\nif [[ $? != 0 ]] ; then\n    cat << EOM\nerror: The sandbox is not in sync with the Podfile.lock. Run 'pod install' or update your CocoaPods installation.\nEOM\n    exit 1\nfi\n";
			showEnvVarsInLog = 0;
		};
/* End PBXShellScriptBuildPhase section */

/* Begin PBXSourcesBuildPhase section */
		84B640531D82A47D0017F4B0 /* Sources */ = {
			isa = PBXSourcesBuildPhase;
			buildActionMask = 2147483647;
			files = (
				84B640621D82A47E0017F4B0 /* ViewController.m in Sources */,
				849599C21DB9EDC800B168D7 /* MessageTableViewCell.m in Sources */,
				8435BFBC1DB8A7FC0000F630 /* MyPhotoViewController.m in Sources */,
				84B640AB1D864C6B0017F4B0 /* EnterView.m in Sources */,
				84B640CF1D87E7A20017F4B0 /* CustomTextField.m in Sources */,
				841E60DF1D92193F001BF053 /* LocationManager.m in Sources */,
				8435BF761DB70DC30000F630 /* MineTableViewController.m in Sources */,
				84B640BB1D879DD60017F4B0 /* InheritForLeagueViewController.m in Sources */,
				841E60CE1D911DA8001BF053 /* HotCityTableViewCell.m in Sources */,
				84B640AE1D8699890017F4B0 /* MerchantEnterViewController.m in Sources */,
				84B640C21D87A4230017F4B0 /* MerchantInfoViewController.m in Sources */,
				8435BF701DB706610000F630 /* WeekView.m in Sources */,
				8435BF871DB761520000F630 /* ReleaseViewController.m in Sources */,
				8435BF6D1DB62B9B0000F630 /* HeadView.m in Sources */,
				84B640D91D8E3F910017F4B0 /* PPNetworkHelper.m in Sources */,
				8435BF5B1DB6027C0000F630 /* IssueLabel.m in Sources */,
				84B640C81D87A5720017F4B0 /* LeagueParentViewController.m in Sources */,
				8435BFB01DB8A7130000F630 /* LevelViewController.m in Sources */,
				8435BF6A1DB624E20000F630 /* AppointTableViewCell.m in Sources */,
				841E60E61D938112001BF053 /* FindPasswordViewController.m in Sources */,
				8435BF661DB61C480000F630 /* AppointSegmentControl.m in Sources */,
				841E60C61D90D397001BF053 /* AddressPickerController.m in Sources */,
				8435BF7D1DB721080000F630 /* StarsView.m in Sources */,
				84B640931D82AD690017F4B0 /* EnterViewController.m in Sources */,
				8435BFC21DB8B7BE0000F630 /* SettingViewController.m in Sources */,
				8435BFB31DB8A7400000F630 /* BalanceViewController.m in Sources */,
				8435BFA61DB89EC90000F630 /* PhotoBrowserViewController.m in Sources */,
				8435BEBD1DB4B1AB0000F630 /* ADScrollView.m in Sources */,
				8435BE3A1DB460E40000F630 /* BasicViewController.m in Sources */,
				84B640A11D8638480017F4B0 /* Public.m in Sources */,
				8435BF8E1DB764710000F630 /* CommentViewController.m in Sources */,
				841E60E21D92716C001BF053 /* SelectAreaTableViewController.m in Sources */,
				8435BE661DB47D0B0000F630 /* BasicTabBarController.m in Sources */,
				8435BF841DB75B1D0000F630 /* MineModel.m in Sources */,
				841E60BB1D8FC997001BF053 /* ChooseServiceModel.m in Sources */,
				84B640B81D8797100017F4B0 /* CustomBarViewController.m in Sources */,
				84B6409E1D82C8650017F4B0 /* InheritForEnterViewController.m in Sources */,
				8435BEC71DB4CB1D0000F630 /* DataView.m in Sources */,
				841E60B71D8F97E1001BF053 /* ChooseServiceViewController.m in Sources */,
				84B640D21D8E27490017F4B0 /* UploadImageView.m in Sources */,
				8435BFB91DB8A7D10000F630 /* IntroduceViewController.m in Sources */,
				8435BE631DB479B00000F630 /* MineViewController.m in Sources */,
				849599BF1DB9EDA400B168D7 /* MessageTableViewController.m in Sources */,
				8435BE3E1DB464B00000F630 /* GeneralView.m in Sources */,
				8435BF991DB77CAA0000F630 /* ReleaseTextView.m in Sources */,
				841E60C31D8FE948001BF053 /* ChineseToPinyin.m in Sources */,
				8435BE511DB4787A0000F630 /* WorkSpaceViewController.m in Sources */,
				849599B81DB9AF8E00B168D7 /* AppointScrollView.m in Sources */,
				8435BFBF1DB8A8080000F630 /* MessageViewController.m in Sources */,
				841E60C91D90DBC8001BF053 /* SearchResultTableViewController.m in Sources */,
				84B640C51D87A4360017F4B0 /* LeagueInfoViewController.m in Sources */,
				84B640BF1D87A4030017F4B0 /* OperatorInfoViewController.m in Sources */,
				8435BF631DB6160B0000F630 /* DefineValue.m in Sources */,
				8435BE601DB479A40000F630 /* AppointmentViewController.m in Sources */,
				8435BF5E1DB611640000F630 /* RightButton.m in Sources */,
				849599BC1DB9B1BE00B168D7 /* AppointTableViewController.m in Sources */,
				841E60D11D913027001BF053 /* CurrentCityTableViewCell.m in Sources */,
				8435BFA01DB8647C0000F630 /* PhotoManager.m in Sources */,
				84B640A71D8648550017F4B0 /* LoginViewController.m in Sources */,
				8435BF811DB759DF0000F630 /* WeekModel.m in Sources */,
				84B640971D82B62D0017F4B0 /* TabBarController.m in Sources */,
				8435BE431DB4687C0000F630 /* GeneralControl.m in Sources */,
				8425E34B1DA8A066008F8C3D /* GuidePageViewController.m in Sources */,
				8435BFB61DB8A7960000F630 /* BailViewController.m in Sources */,
				8435BE461DB470430000F630 /* BasicNavigationController.m in Sources */,
				8435BF791DB712930000F630 /* MineTableViewCell.m in Sources */,
				8435BECD1DB4DF170000F630 /* ClickView.m in Sources */,
				8435BF8B1DB764400000F630 /* AnalyseViewController.m in Sources */,
				84B6405F1D82A47E0017F4B0 /* AppDelegate.m in Sources */,
				84B6405C1D82A47E0017F4B0 /* main.m in Sources */,
				84B640B21D86A5490017F4B0 /* UserProtocolViewController.m in Sources */,
				84B640D81D8E3F910017F4B0 /* PPNetworkCache.m in Sources */,
				8435BEC41DB4BAFF0000F630 /* WorkModel.m in Sources */,
				8435BF941DB76A7E0000F630 /* SecondaryViewController.m in Sources */,
				8435BF911DB764D40000F630 /* ComplaintViewController.m in Sources */,
				8435BE5D1DB4798E0000F630 /* IssueViewController.m in Sources */,
				849599C51DB9F4AB00B168D7 /* MessageModel.m in Sources */,
			);
			runOnlyForDeploymentPostprocessing = 0;
		};
		84B6406C1D82A47E0017F4B0 /* Sources */ = {
			isa = PBXSourcesBuildPhase;
			buildActionMask = 2147483647;
			files = (
				84B640751D82A47E0017F4B0 /* MerchantCarmgrTests.m in Sources */,
			);
			runOnlyForDeploymentPostprocessing = 0;
		};
		84B640771D82A47E0017F4B0 /* Sources */ = {
			isa = PBXSourcesBuildPhase;
			buildActionMask = 2147483647;
			files = (
				84B640801D82A47E0017F4B0 /* MerchantCarmgrUITests.m in Sources */,
			);
			runOnlyForDeploymentPostprocessing = 0;
		};
/* End PBXSourcesBuildPhase section */

/* Begin PBXTargetDependency section */
		84B640721D82A47E0017F4B0 /* PBXTargetDependency */ = {
			isa = PBXTargetDependency;
			target = 84B640561D82A47D0017F4B0 /* MerchantCarmgr */;
			targetProxy = 84B640711D82A47E0017F4B0 /* PBXContainerItemProxy */;
		};
		84B6407D1D82A47E0017F4B0 /* PBXTargetDependency */ = {
			isa = PBXTargetDependency;
			target = 84B640561D82A47D0017F4B0 /* MerchantCarmgr */;
			targetProxy = 84B6407C1D82A47E0017F4B0 /* PBXContainerItemProxy */;
		};
/* End PBXTargetDependency section */

/* Begin PBXVariantGroup section */
		84B640631D82A47E0017F4B0 /* Main.storyboard */ = {
			isa = PBXVariantGroup;
			children = (
				84B640641D82A47E0017F4B0 /* Base */,
			);
			name = Main.storyboard;
			sourceTree = "<group>";
		};
		84B640681D82A47E0017F4B0 /* LaunchScreen.storyboard */ = {
			isa = PBXVariantGroup;
			children = (
				84B640691D82A47E0017F4B0 /* Base */,
			);
			name = LaunchScreen.storyboard;
			sourceTree = "<group>";
		};
/* End PBXVariantGroup section */

/* Begin XCBuildConfiguration section */
		84B640821D82A47E0017F4B0 /* Debug */ = {
			isa = XCBuildConfiguration;
			buildSettings = {
				ALWAYS_SEARCH_USER_PATHS = NO;
				CLANG_ANALYZER_NONNULL = YES;
				CLANG_CXX_LANGUAGE_STANDARD = "gnu++0x";
				CLANG_CXX_LIBRARY = "libc++";
				CLANG_ENABLE_MODULES = YES;
				CLANG_ENABLE_OBJC_ARC = YES;
				CLANG_WARN_BOOL_CONVERSION = YES;
				CLANG_WARN_CONSTANT_CONVERSION = YES;
				CLANG_WARN_DIRECT_OBJC_ISA_USAGE = YES_ERROR;
				CLANG_WARN_EMPTY_BODY = YES;
				CLANG_WARN_ENUM_CONVERSION = YES;
				CLANG_WARN_INFINITE_RECURSION = YES;
				CLANG_WARN_INT_CONVERSION = YES;
				CLANG_WARN_OBJC_ROOT_CLASS = YES_ERROR;
				CLANG_WARN_SUSPICIOUS_MOVE = YES;
				CLANG_WARN_UNREACHABLE_CODE = YES;
				CLANG_WARN__DUPLICATE_METHOD_MATCH = YES;
				"CODE_SIGN_IDENTITY[sdk=iphoneos*]" = "iPhone Developer";
				COPY_PHASE_STRIP = NO;
				DEBUG_INFORMATION_FORMAT = dwarf;
				ENABLE_STRICT_OBJC_MSGSEND = YES;
				ENABLE_TESTABILITY = YES;
				GCC_C_LANGUAGE_STANDARD = gnu99;
				GCC_DYNAMIC_NO_PIC = NO;
				GCC_NO_COMMON_BLOCKS = YES;
				GCC_OPTIMIZATION_LEVEL = 0;
				GCC_PREPROCESSOR_DEFINITIONS = (
					"DEBUG=1",
					"$(inherited)",
				);
				GCC_WARN_64_TO_32_BIT_CONVERSION = YES;
				GCC_WARN_ABOUT_RETURN_TYPE = YES_ERROR;
				GCC_WARN_UNDECLARED_SELECTOR = YES;
				GCC_WARN_UNINITIALIZED_AUTOS = YES_AGGRESSIVE;
				GCC_WARN_UNUSED_FUNCTION = YES;
				GCC_WARN_UNUSED_VARIABLE = YES;
				IPHONEOS_DEPLOYMENT_TARGET = 9.3;
				MTL_ENABLE_DEBUG_INFO = YES;
				ONLY_ACTIVE_ARCH = YES;
				SDKROOT = iphoneos;
			};
			name = Debug;
		};
		84B640831D82A47E0017F4B0 /* Release */ = {
			isa = XCBuildConfiguration;
			buildSettings = {
				ALWAYS_SEARCH_USER_PATHS = NO;
				CLANG_ANALYZER_NONNULL = YES;
				CLANG_CXX_LANGUAGE_STANDARD = "gnu++0x";
				CLANG_CXX_LIBRARY = "libc++";
				CLANG_ENABLE_MODULES = YES;
				CLANG_ENABLE_OBJC_ARC = YES;
				CLANG_WARN_BOOL_CONVERSION = YES;
				CLANG_WARN_CONSTANT_CONVERSION = YES;
				CLANG_WARN_DIRECT_OBJC_ISA_USAGE = YES_ERROR;
				CLANG_WARN_EMPTY_BODY = YES;
				CLANG_WARN_ENUM_CONVERSION = YES;
				CLANG_WARN_INFINITE_RECURSION = YES;
				CLANG_WARN_INT_CONVERSION = YES;
				CLANG_WARN_OBJC_ROOT_CLASS = YES_ERROR;
				CLANG_WARN_SUSPICIOUS_MOVE = YES;
				CLANG_WARN_UNREACHABLE_CODE = YES;
				CLANG_WARN__DUPLICATE_METHOD_MATCH = YES;
				"CODE_SIGN_IDENTITY[sdk=iphoneos*]" = "iPhone Developer";
				COPY_PHASE_STRIP = NO;
				DEBUG_INFORMATION_FORMAT = "dwarf-with-dsym";
				ENABLE_NS_ASSERTIONS = NO;
				ENABLE_STRICT_OBJC_MSGSEND = YES;
				GCC_C_LANGUAGE_STANDARD = gnu99;
				GCC_NO_COMMON_BLOCKS = YES;
				GCC_WARN_64_TO_32_BIT_CONVERSION = YES;
				GCC_WARN_ABOUT_RETURN_TYPE = YES_ERROR;
				GCC_WARN_UNDECLARED_SELECTOR = YES;
				GCC_WARN_UNINITIALIZED_AUTOS = YES_AGGRESSIVE;
				GCC_WARN_UNUSED_FUNCTION = YES;
				GCC_WARN_UNUSED_VARIABLE = YES;
				IPHONEOS_DEPLOYMENT_TARGET = 9.3;
				MTL_ENABLE_DEBUG_INFO = NO;
				SDKROOT = iphoneos;
				VALIDATE_PRODUCT = YES;
			};
			name = Release;
		};
		84B640851D82A47E0017F4B0 /* Debug */ = {
			isa = XCBuildConfiguration;
			baseConfigurationReference = 8425E3431DA8854C008F8C3D /* Pods-MerchantCarmgr.debug.xcconfig */;
			buildSettings = {
				ASSETCATALOG_COMPILER_APPICON_NAME = AppIcon;
				CODE_SIGN_IDENTITY = "iPhone Developer";
				INFOPLIST_FILE = MerchantCarmgr/Info.plist;
				IPHONEOS_DEPLOYMENT_TARGET = 8.3;
				LD_RUNPATH_SEARCH_PATHS = "$(inherited) @executable_path/Frameworks";
				PRODUCT_BUNDLE_IDENTIFIER = com.yiwuchebao.MerchantCarmgr;
				PRODUCT_NAME = "$(TARGET_NAME)";
			};
			name = Debug;
		};
		84B640861D82A47E0017F4B0 /* Release */ = {
			isa = XCBuildConfiguration;
			baseConfigurationReference = 8425E3441DA8854C008F8C3D /* Pods-MerchantCarmgr.release.xcconfig */;
			buildSettings = {
				ASSETCATALOG_COMPILER_APPICON_NAME = AppIcon;
				CODE_SIGN_IDENTITY = "iPhone Developer";
				INFOPLIST_FILE = MerchantCarmgr/Info.plist;
				IPHONEOS_DEPLOYMENT_TARGET = 8.3;
				LD_RUNPATH_SEARCH_PATHS = "$(inherited) @executable_path/Frameworks";
				PRODUCT_BUNDLE_IDENTIFIER = com.yiwuchebao.MerchantCarmgr;
				PRODUCT_NAME = "$(TARGET_NAME)";
			};
			name = Release;
		};
		84B640881D82A47E0017F4B0 /* Debug */ = {
			isa = XCBuildConfiguration;
			buildSettings = {
				BUNDLE_LOADER = "$(TEST_HOST)";
				INFOPLIST_FILE = MerchantCarmgrTests/Info.plist;
				LD_RUNPATH_SEARCH_PATHS = "$(inherited) @executable_path/Frameworks @loader_path/Frameworks";
				PRODUCT_BUNDLE_IDENTIFIER = com.yiwuchebao.MerchantCarmgrTests;
				PRODUCT_NAME = "$(TARGET_NAME)";
				TEST_HOST = "$(BUILT_PRODUCTS_DIR)/MerchantCarmgr.app/MerchantCarmgr";
			};
			name = Debug;
		};
		84B640891D82A47E0017F4B0 /* Release */ = {
			isa = XCBuildConfiguration;
			buildSettings = {
				BUNDLE_LOADER = "$(TEST_HOST)";
				INFOPLIST_FILE = MerchantCarmgrTests/Info.plist;
				LD_RUNPATH_SEARCH_PATHS = "$(inherited) @executable_path/Frameworks @loader_path/Frameworks";
				PRODUCT_BUNDLE_IDENTIFIER = com.yiwuchebao.MerchantCarmgrTests;
				PRODUCT_NAME = "$(TARGET_NAME)";
				TEST_HOST = "$(BUILT_PRODUCTS_DIR)/MerchantCarmgr.app/MerchantCarmgr";
			};
			name = Release;
		};
		84B6408B1D82A47E0017F4B0 /* Debug */ = {
			isa = XCBuildConfiguration;
			buildSettings = {
				INFOPLIST_FILE = MerchantCarmgrUITests/Info.plist;
				LD_RUNPATH_SEARCH_PATHS = "$(inherited) @executable_path/Frameworks @loader_path/Frameworks";
				PRODUCT_BUNDLE_IDENTIFIER = com.yiwuchebao.MerchantCarmgrUITests;
				PRODUCT_NAME = "$(TARGET_NAME)";
				TEST_TARGET_NAME = MerchantCarmgr;
			};
			name = Debug;
		};
		84B6408C1D82A47E0017F4B0 /* Release */ = {
			isa = XCBuildConfiguration;
			buildSettings = {
				INFOPLIST_FILE = MerchantCarmgrUITests/Info.plist;
				LD_RUNPATH_SEARCH_PATHS = "$(inherited) @executable_path/Frameworks @loader_path/Frameworks";
				PRODUCT_BUNDLE_IDENTIFIER = com.yiwuchebao.MerchantCarmgrUITests;
				PRODUCT_NAME = "$(TARGET_NAME)";
				TEST_TARGET_NAME = MerchantCarmgr;
			};
			name = Release;
		};
/* End XCBuildConfiguration section */

/* Begin XCConfigurationList section */
		84B640521D82A47D0017F4B0 /* Build configuration list for PBXProject "MerchantCarmgr" */ = {
			isa = XCConfigurationList;
			buildConfigurations = (
				84B640821D82A47E0017F4B0 /* Debug */,
				84B640831D82A47E0017F4B0 /* Release */,
			);
			defaultConfigurationIsVisible = 0;
			defaultConfigurationName = Release;
		};
		84B640841D82A47E0017F4B0 /* Build configuration list for PBXNativeTarget "MerchantCarmgr" */ = {
			isa = XCConfigurationList;
			buildConfigurations = (
				84B640851D82A47E0017F4B0 /* Debug */,
				84B640861D82A47E0017F4B0 /* Release */,
			);
			defaultConfigurationIsVisible = 0;
			defaultConfigurationName = Release;
		};
		84B640871D82A47E0017F4B0 /* Build configuration list for PBXNativeTarget "MerchantCarmgrTests" */ = {
			isa = XCConfigurationList;
			buildConfigurations = (
				84B640881D82A47E0017F4B0 /* Debug */,
				84B640891D82A47E0017F4B0 /* Release */,
			);
			defaultConfigurationIsVisible = 0;
			defaultConfigurationName = Release;
		};
		84B6408A1D82A47E0017F4B0 /* Build configuration list for PBXNativeTarget "MerchantCarmgrUITests" */ = {
			isa = XCConfigurationList;
			buildConfigurations = (
				84B6408B1D82A47E0017F4B0 /* Debug */,
				84B6408C1D82A47E0017F4B0 /* Release */,
			);
			defaultConfigurationIsVisible = 0;
			defaultConfigurationName = Release;
		};
/* End XCConfigurationList section */
	};
	rootObject = 84B6404F1D82A47D0017F4B0 /* Project object */;
}
